<?xml version="1.0" encoding="UTF-8"?>
<!DOCTYPE plist PUBLIC "-//Apple//DTD PLIST 1.0//EN" "http://www.apple.com/DTDs/PropertyList-1.0.dtd">
<plist version="1.0">
<dict>
	<key>archiveVersion</key>
	<string>1</string>
	<key>classes</key>
	<dict/>
	<key>objectVersion</key>
	<string>46</string>
	<key>objects</key>
	<dict>
		<key>0F0997B31DC90EFB001991E2</key>
		<dict>
			<key>fileEncoding</key>
			<string>4</string>
			<key>isa</key>
			<string>PBXFileReference</string>
			<key>lastKnownFileType</key>
			<string>sourcecode.swift</string>
			<key>path</key>
			<string>MoviePostCollectionViewCell.swift</string>
			<key>sourceTree</key>
			<string>&lt;group&gt;</string>
		</dict>
		<key>0F0997B41DC90EFB001991E2</key>
		<dict>
			<key>fileEncoding</key>
			<string>4</string>
			<key>isa</key>
			<string>PBXFileReference</string>
			<key>lastKnownFileType</key>
			<string>file.xib</string>
			<key>path</key>
			<string>MoviePostCollectionViewCell.xib</string>
			<key>sourceTree</key>
			<string>&lt;group&gt;</string>
		</dict>
		<key>0F0997B51DC90EFC001991E2</key>
		<dict>
			<key>fileRef</key>
			<string>0F0997B31DC90EFB001991E2</string>
			<key>isa</key>
			<string>PBXBuildFile</string>
		</dict>
		<key>0F0997B61DC90EFC001991E2</key>
		<dict>
			<key>fileRef</key>
			<string>0F0997B41DC90EFB001991E2</string>
			<key>isa</key>
			<string>PBXBuildFile</string>
		</dict>
		<key>0F0F69A91D317137009600F7</key>
		<dict>
			<key>fileEncoding</key>
			<string>4</string>
			<key>isa</key>
			<string>PBXFileReference</string>
			<key>lastKnownFileType</key>
			<string>sourcecode.swift</string>
			<key>path</key>
			<string>UILabel+Utilities.swift</string>
			<key>sourceTree</key>
			<string>&lt;group&gt;</string>
		</dict>
		<key>0F0F69AA1D317137009600F7</key>
		<dict>
			<key>fileRef</key>
			<string>0F0F69A91D317137009600F7</string>
			<key>isa</key>
			<string>PBXBuildFile</string>
		</dict>
		<key>0F0F69AB1D319DAF009600F7</key>
		<dict>
			<key>fileEncoding</key>
			<string>4</string>
			<key>isa</key>
			<string>PBXFileReference</string>
			<key>lastKnownFileType</key>
			<string>sourcecode.swift</string>
			<key>path</key>
			<string>CommentViewController.swift</string>
			<key>sourceTree</key>
			<string>&lt;group&gt;</string>
		</dict>
		<key>0F0F69AC1D319DAF009600F7</key>
		<dict>
			<key>fileRef</key>
			<string>0F0F69AB1D319DAF009600F7</string>
			<key>isa</key>
			<string>PBXBuildFile</string>
		</dict>
		<key>0F0F69AD1D32986B009600F7</key>
		<dict>
			<key>fileEncoding</key>
			<string>4</string>
			<key>isa</key>
			<string>PBXFileReference</string>
			<key>lastKnownFileType</key>
			<string>sourcecode.swift</string>
			<key>path</key>
			<string>PostCrudCommand.swift</string>
			<key>sourceTree</key>
			<string>&lt;group&gt;</string>
		</dict>
		<key>0F0F69AE1D32986B009600F7</key>
		<dict>
			<key>fileRef</key>
			<string>0F0F69AD1D32986B009600F7</string>
			<key>isa</key>
			<string>PBXBuildFile</string>
		</dict>
		<key>0F0F69AF1D329887009600F7</key>
		<dict>
			<key>fileEncoding</key>
			<string>4</string>
			<key>isa</key>
			<string>PBXFileReference</string>
			<key>lastKnownFileType</key>
			<string>sourcecode.swift</string>
			<key>path</key>
			<string>PostCrudResponse.swift</string>
			<key>sourceTree</key>
			<string>&lt;group&gt;</string>
		</dict>
		<key>0F0F69B01D329887009600F7</key>
		<dict>
			<key>fileRef</key>
			<string>0F0F69AF1D329887009600F7</string>
			<key>isa</key>
			<string>PBXBuildFile</string>
		</dict>
		<key>0F0F69B11D329B61009600F7</key>
		<dict>
			<key>fileEncoding</key>
			<string>4</string>
			<key>isa</key>
			<string>PBXFileReference</string>
			<key>lastKnownFileType</key>
			<string>sourcecode.swift</string>
			<key>path</key>
			<string>TransactionTrackable.swift</string>
			<key>sourceTree</key>
			<string>&lt;group&gt;</string>
		</dict>
		<key>0F0F69B21D329B61009600F7</key>
		<dict>
			<key>fileRef</key>
			<string>0F0F69B11D329B61009600F7</string>
			<key>isa</key>
			<string>PBXBuildFile</string>
		</dict>
		<key>0F0F69B51D370987009600F7</key>
		<dict>
			<key>fileEncoding</key>
			<string>4</string>
			<key>isa</key>
			<string>PBXFileReference</string>
			<key>lastKnownFileType</key>
			<string>file.xib</string>
			<key>path</key>
			<string>AccessoryCommentView.xib</string>
			<key>sourceTree</key>
			<string>&lt;group&gt;</string>
		</dict>
		<key>0F0F69B61D370987009600F7</key>
		<dict>
			<key>fileRef</key>
			<string>0F0F69B51D370987009600F7</string>
			<key>isa</key>
			<string>PBXBuildFile</string>
		</dict>
		<key>0F0F69B71D383730009600F7</key>
		<dict>
			<key>fileEncoding</key>
			<string>4</string>
			<key>isa</key>
			<string>PBXFileReference</string>
			<key>lastKnownFileType</key>
			<string>sourcecode.swift</string>
			<key>path</key>
			<string>AccessoryCommentView.swift</string>
			<key>sourceTree</key>
			<string>&lt;group&gt;</string>
		</dict>
		<key>0F0F69B81D383730009600F7</key>
		<dict>
			<key>fileRef</key>
			<string>0F0F69B71D383730009600F7</string>
			<key>isa</key>
			<string>PBXBuildFile</string>
		</dict>
		<key>0F0F69B91D3AB511009600F7</key>
		<dict>
			<key>fileEncoding</key>
			<string>4</string>
			<key>isa</key>
			<string>PBXFileReference</string>
			<key>lastKnownFileType</key>
			<string>sourcecode.swift</string>
			<key>path</key>
			<string>RegisterCommand.swift</string>
			<key>sourceTree</key>
			<string>&lt;group&gt;</string>
		</dict>
		<key>0F0F69BA1D3AB511009600F7</key>
		<dict>
			<key>fileRef</key>
			<string>0F0F69B91D3AB511009600F7</string>
			<key>isa</key>
			<string>PBXBuildFile</string>
		</dict>
		<key>0F0F69BB1D3AB65B009600F7</key>
		<dict>
			<key>fileEncoding</key>
			<string>4</string>
			<key>isa</key>
			<string>PBXFileReference</string>
			<key>lastKnownFileType</key>
			<string>sourcecode.swift</string>
			<key>path</key>
			<string>RegisterResponse.swift</string>
			<key>sourceTree</key>
			<string>&lt;group&gt;</string>
		</dict>
		<key>0F0F69BC1D3AB65B009600F7</key>
		<dict>
			<key>fileRef</key>
			<string>0F0F69BB1D3AB65B009600F7</string>
			<key>isa</key>
			<string>PBXBuildFile</string>
		</dict>
		<key>0F0F69BF1D3ADB5D009600F7</key>
		<dict>
			<key>fileEncoding</key>
			<string>4</string>
			<key>isa</key>
			<string>PBXFileReference</string>
			<key>lastKnownFileType</key>
			<string>sourcecode.swift</string>
			<key>path</key>
			<string>TopicCreationViewController.swift</string>
			<key>sourceTree</key>
			<string>&lt;group&gt;</string>
		</dict>
		<key>0F0F69C01D3ADB5D009600F7</key>
		<dict>
			<key>fileRef</key>
			<string>0F0F69BF1D3ADB5D009600F7</string>
			<key>isa</key>
			<string>PBXBuildFile</string>
		</dict>
		<key>0F0F69C11D3ADCB7009600F7</key>
		<dict>
			<key>fileEncoding</key>
			<string>4</string>
			<key>isa</key>
			<string>PBXFileReference</string>
			<key>lastKnownFileType</key>
			<string>sourcecode.swift</string>
			<key>path</key>
			<string>ForumSelectionViewController.swift</string>
			<key>sourceTree</key>
			<string>&lt;group&gt;</string>
		</dict>
		<key>0F0F69C21D3ADCB7009600F7</key>
		<dict>
			<key>fileRef</key>
			<string>0F0F69C11D3ADCB7009600F7</string>
			<key>isa</key>
			<string>PBXBuildFile</string>
		</dict>
		<key>0F0F69C31D3BE113009600F7</key>
		<dict>
			<key>fileEncoding</key>
			<string>4</string>
			<key>isa</key>
			<string>PBXFileReference</string>
			<key>lastKnownFileType</key>
			<string>sourcecode.swift</string>
			<key>path</key>
			<string>ForumCommand.swift</string>
			<key>sourceTree</key>
			<string>&lt;group&gt;</string>
		</dict>
		<key>0F0F69C41D3BE113009600F7</key>
		<dict>
			<key>fileRef</key>
			<string>0F0F69C31D3BE113009600F7</string>
			<key>isa</key>
			<string>PBXBuildFile</string>
		</dict>
		<key>0F0F69C51D3BE23D009600F7</key>
		<dict>
			<key>fileEncoding</key>
			<string>4</string>
			<key>isa</key>
			<string>PBXFileReference</string>
			<key>lastKnownFileType</key>
			<string>sourcecode.swift</string>
			<key>path</key>
			<string>ForumResponse.swift</string>
			<key>sourceTree</key>
			<string>&lt;group&gt;</string>
		</dict>
		<key>0F0F69C61D3BE23D009600F7</key>
		<dict>
			<key>fileRef</key>
			<string>0F0F69C51D3BE23D009600F7</string>
			<key>isa</key>
			<string>PBXBuildFile</string>
		</dict>
		<key>0F0F69C71D3BE371009600F7</key>
		<dict>
			<key>fileEncoding</key>
			<string>4</string>
			<key>isa</key>
			<string>PBXFileReference</string>
			<key>lastKnownFileType</key>
			<string>sourcecode.swift</string>
			<key>path</key>
			<string>Forum.swift</string>
			<key>sourceTree</key>
			<string>&lt;group&gt;</string>
		</dict>
		<key>0F0F69C81D3BE371009600F7</key>
		<dict>
			<key>fileRef</key>
			<string>0F0F69C71D3BE371009600F7</string>
			<key>isa</key>
			<string>PBXBuildFile</string>
		</dict>
		<key>0F0F69C91D3C9863009600F7</key>
		<dict>
			<key>fileEncoding</key>
			<string>4</string>
			<key>isa</key>
			<string>PBXFileReference</string>
			<key>lastKnownFileType</key>
			<string>sourcecode.swift</string>
			<key>path</key>
			<string>ConversationWithReplyViewController.swift</string>
			<key>sourceTree</key>
			<string>&lt;group&gt;</string>
		</dict>
		<key>0F0F69CA1D3C9863009600F7</key>
		<dict>
			<key>fileRef</key>
			<string>0F0F69C91D3C9863009600F7</string>
			<key>isa</key>
			<string>PBXBuildFile</string>
		</dict>
		<key>0F0F69CB1D3C9D09009600F7</key>
		<dict>
			<key>fileEncoding</key>
			<string>4</string>
			<key>isa</key>
			<string>PBXFileReference</string>
			<key>lastKnownFileType</key>
			<string>file.storyboard</string>
			<key>path</key>
			<string>Conversation.storyboard</string>
			<key>sourceTree</key>
			<string>&lt;group&gt;</string>
		</dict>
		<key>0F0F69CC1D3C9D09009600F7</key>
		<dict>
			<key>fileRef</key>
			<string>0F0F69CB1D3C9D09009600F7</string>
			<key>isa</key>
			<string>PBXBuildFile</string>
		</dict>
		<key>0F0F69CD1D4D4F53009600F7</key>
		<dict>
			<key>fileEncoding</key>
			<string>4</string>
			<key>isa</key>
			<string>PBXFileReference</string>
			<key>lastKnownFileType</key>
			<string>sourcecode.swift</string>
			<key>path</key>
			<string>PostViewCellDelegate.swift</string>
			<key>sourceTree</key>
			<string>&lt;group&gt;</string>
		</dict>
		<key>0F0F69CE1D4D4F53009600F7</key>
		<dict>
			<key>fileRef</key>
			<string>0F0F69CD1D4D4F53009600F7</string>
			<key>isa</key>
			<string>PBXBuildFile</string>
		</dict>
		<key>0F15F0001DF13C7E00EECF87</key>
		<dict>
			<key>fileEncoding</key>
			<string>4</string>
			<key>isa</key>
			<string>PBXFileReference</string>
			<key>lastKnownFileType</key>
			<string>sourcecode.swift</string>
			<key>path</key>
			<string>NSURLSessionPinningDelegate.swift</string>
			<key>sourceTree</key>
			<string>&lt;group&gt;</string>
		</dict>
		<key>0F15F0011DF13C7E00EECF87</key>
		<dict>
			<key>fileRef</key>
			<string>0F15F0001DF13C7E00EECF87</string>
			<key>isa</key>
			<string>PBXBuildFile</string>
		</dict>
		<key>0F15F0021DF148CD00EECF87</key>
		<dict>
			<key>isa</key>
			<string>PBXFileReference</string>
			<key>lastKnownFileType</key>
			<string>file</string>
			<key>path</key>
			<string>ttdc-us.cer</string>
			<key>sourceTree</key>
			<string>&lt;group&gt;</string>
		</dict>
		<key>0F15F0031DF148CD00EECF87</key>
		<dict>
			<key>fileRef</key>
			<string>0F15F0021DF148CD00EECF87</string>
			<key>isa</key>
			<string>PBXBuildFile</string>
		</dict>
		<key>0F15F0041DF151BC00EECF87</key>
		<dict>
			<key>children</key>
			<array>
				<string>0FCC107E1D2ABEAA00EA0B25</string>
				<string>0FCC107A1D2ABB9800EA0B25</string>
				<string>0FE527391CFC9FB800407AAE</string>
				<string>0F97BD991DF0C2F6007E5F43</string>
				<string>0F97BD9B1DF0C330007E5F43</string>
				<string>0F0F69C31D3BE113009600F7</string>
				<string>0F0F69C51D3BE23D009600F7</string>
				<string>0FA3933A1DDFB5FA00E3BC2E</string>
				<string>0FA3933C1DDFB61900E3BC2E</string>
				<string>0FE5271D1CFB654300407AAE</string>
				<string>0FE5271E1CFB654300407AAE</string>
				<string>0FE5273F1CFD05AE00407AAE</string>
				<string>0F0F69AD1D32986B009600F7</string>
				<string>0F0F69AF1D329887009600F7</string>
				<string>0FE5273D1CFD058700407AAE</string>
				<string>0F0F69B91D3AB511009600F7</string>
				<string>0F0F69BB1D3AB65B009600F7</string>
				<string>0FCC10891D2B1CF700EA0B25</string>
				<string>0FD0A32B1D0CAD0E0030D36F</string>
				<string>0FD0A32D1D0CB0050030D36F</string>
				<string>0F97BD9D1DF0C3E3007E5F43</string>
				<string>0F97BD9F1DF0C3F0007E5F43</string>
				<string>0FD0A33D1D0DFDD80030D36F</string>
				<string>0FD0A33F1D0DFE980030D36F</string>
				<string>0F0F69B11D329B61009600F7</string>
				<string>0F9FB1E31DBDC23800B901ED</string>
				<string>0F9FB1E51DBDC29C00B901ED</string>
			</array>
			<key>isa</key>
			<string>PBXGroup</string>
			<key>path</key>
			<string>Commands</string>
			<key>sourceTree</key>
			<string>&lt;group&gt;</string>
		</dict>
		<key>0F15F0061DF3682A00EECF87</key>
		<dict>
			<key>fileEncoding</key>
			<string>4</string>
			<key>isa</key>
			<string>PBXFileReference</string>
			<key>lastKnownFileType</key>
			<string>sourcecode.swift</string>
			<key>path</key>
			<string>LatestPostsModel.swift</string>
			<key>sourceTree</key>
			<string>&lt;group&gt;</string>
		</dict>
		<key>0F15F0071DF3682A00EECF87</key>
		<dict>
			<key>fileRef</key>
			<string>0F15F0061DF3682A00EECF87</string>
			<key>isa</key>
			<string>PBXBuildFile</string>
		</dict>
		<key>0F15F0081DF36AF500EECF87</key>
		<dict>
			<key>fileEncoding</key>
			<string>4</string>
			<key>isa</key>
			<string>PBXFileReference</string>
			<key>lastKnownFileType</key>
			<string>sourcecode.swift</string>
			<key>path</key>
			<string>CGSize+.swift</string>
			<key>sourceTree</key>
			<string>&lt;group&gt;</string>
		</dict>
		<key>0F15F0091DF36AF500EECF87</key>
		<dict>
			<key>fileRef</key>
			<string>0F15F0081DF36AF500EECF87</string>
			<key>isa</key>
			<string>PBXBuildFile</string>
		</dict>
		<key>0F2B2BB11DFCA86D0024856A</key>
		<dict>
			<key>fileEncoding</key>
			<string>4</string>
			<key>isa</key>
			<string>PBXFileReference</string>
			<key>lastKnownFileType</key>
			<string>sourcecode.swift</string>
			<key>path</key>
			<string>Sequence+.swift</string>
			<key>sourceTree</key>
			<string>&lt;group&gt;</string>
		</dict>
		<key>0F2B2BB21DFCA86D0024856A</key>
		<dict>
			<key>fileRef</key>
			<string>0F2B2BB11DFCA86D0024856A</string>
			<key>isa</key>
			<string>PBXBuildFile</string>
		</dict>
		<key>0F2B2BB31DFDE56B0024856A</key>
		<dict>
			<key>children</key>
			<array>
				<string>0F7170881DDF7D9900E9348C</string>
				<string>0F9FB1E11DBD56EF00B901ED</string>
				<string>0FF4ED861DCAF9B800BE4CF4</string>
			</array>
			<key>isa</key>
			<string>PBXGroup</string>
			<key>name</key>
			<string>Views</string>
			<key>path</key>
			<string>Views</string>
			<key>sourceTree</key>
			<string>&lt;group&gt;</string>
		</dict>
		<key>0F2B8CB41DCE7F4800BD62C6</key>
		<dict>
			<key>fileEncoding</key>
			<string>4</string>
			<key>isa</key>
			<string>PBXFileReference</string>
			<key>lastKnownFileType</key>
			<string>sourcecode.swift</string>
			<key>path</key>
			<string>RootPostCollectionViewCell.swift</string>
			<key>sourceTree</key>
			<string>&lt;group&gt;</string>
		</dict>
		<key>0F2B8CB51DCE7F4800BD62C6</key>
		<dict>
			<key>fileEncoding</key>
			<string>4</string>
			<key>isa</key>
			<string>PBXFileReference</string>
			<key>lastKnownFileType</key>
			<string>file.xib</string>
			<key>path</key>
			<string>RootPostCollectionViewCell.xib</string>
			<key>sourceTree</key>
			<string>&lt;group&gt;</string>
		</dict>
		<key>0F2B8CB61DCE7F4800BD62C6</key>
		<dict>
			<key>fileRef</key>
			<string>0F2B8CB41DCE7F4800BD62C6</string>
			<key>isa</key>
			<string>PBXBuildFile</string>
		</dict>
		<key>0F2B8CB71DCE7F4800BD62C6</key>
		<dict>
			<key>fileRef</key>
			<string>0F2B8CB51DCE7F4800BD62C6</string>
			<key>isa</key>
			<string>PBXBuildFile</string>
		</dict>
		<key>0F2B8CB81DCF1FE800BD62C6</key>
		<dict>
			<key>fileEncoding</key>
			<string>4</string>
			<key>isa</key>
			<string>PBXFileReference</string>
			<key>lastKnownFileType</key>
			<string>sourcecode.swift</string>
			<key>path</key>
			<string>LoadingCollectionViewCell.swift</string>
			<key>sourceTree</key>
			<string>&lt;group&gt;</string>
		</dict>
		<key>0F2B8CB91DCF1FE800BD62C6</key>
		<dict>
			<key>fileEncoding</key>
			<string>4</string>
			<key>isa</key>
			<string>PBXFileReference</string>
			<key>lastKnownFileType</key>
			<string>file.xib</string>
			<key>path</key>
			<string>LoadingCollectionViewCell.xib</string>
			<key>sourceTree</key>
			<string>&lt;group&gt;</string>
		</dict>
		<key>0F2B8CBA1DCF1FE800BD62C6</key>
		<dict>
			<key>fileRef</key>
			<string>0F2B8CB81DCF1FE800BD62C6</string>
			<key>isa</key>
			<string>PBXBuildFile</string>
		</dict>
		<key>0F2B8CBB1DCF1FE900BD62C6</key>
		<dict>
			<key>fileRef</key>
			<string>0F2B8CB91DCF1FE800BD62C6</string>
			<key>isa</key>
			<string>PBXBuildFile</string>
		</dict>
		<key>0F2B8CBC1DCFCEE300BD62C6</key>
		<dict>
			<key>fileEncoding</key>
			<string>4</string>
			<key>isa</key>
			<string>PBXFileReference</string>
			<key>lastKnownFileType</key>
			<string>sourcecode.swift</string>
			<key>path</key>
			<string>UICollectionView+Utils.swift</string>
			<key>sourceTree</key>
			<string>&lt;group&gt;</string>
		</dict>
		<key>0F2B8CBD1DCFCEE300BD62C6</key>
		<dict>
			<key>fileRef</key>
			<string>0F2B8CBC1DCFCEE300BD62C6</string>
			<key>isa</key>
			<string>PBXBuildFile</string>
		</dict>
		<key>0F317C631D280D7D00C110AE</key>
		<dict>
			<key>fileEncoding</key>
			<string>4</string>
			<key>isa</key>
			<string>PBXFileReference</string>
			<key>lastKnownFileType</key>
			<string>sourcecode.swift</string>
			<key>path</key>
			<string>ApplicationContext.swift</string>
			<key>sourceTree</key>
			<string>&lt;group&gt;</string>
		</dict>
		<key>0F317C641D280D7D00C110AE</key>
		<dict>
			<key>fileRef</key>
			<string>0F317C631D280D7D00C110AE</string>
			<key>isa</key>
			<string>PBXBuildFile</string>
		</dict>
		<key>0F3CEAAF1DC07046003CD432</key>
		<dict>
			<key>fileEncoding</key>
			<string>4</string>
			<key>isa</key>
			<string>PBXFileReference</string>
			<key>lastKnownFileType</key>
			<string>sourcecode.swift</string>
			<key>path</key>
			<string>TagAssociation.swift</string>
			<key>sourceTree</key>
			<string>&lt;group&gt;</string>
		</dict>
		<key>0F3CEAB01DC07046003CD432</key>
		<dict>
			<key>fileRef</key>
			<string>0F3CEAAF1DC07046003CD432</string>
			<key>isa</key>
			<string>PBXBuildFile</string>
		</dict>
		<key>0F3CEAB11DC07056003CD432</key>
		<dict>
			<key>fileEncoding</key>
			<string>4</string>
			<key>isa</key>
			<string>PBXFileReference</string>
			<key>lastKnownFileType</key>
			<string>sourcecode.swift</string>
			<key>path</key>
			<string>Tag.swift</string>
			<key>sourceTree</key>
			<string>&lt;group&gt;</string>
		</dict>
		<key>0F3CEAB21DC07056003CD432</key>
		<dict>
			<key>fileRef</key>
			<string>0F3CEAB11DC07056003CD432</string>
			<key>isa</key>
			<string>PBXBuildFile</string>
		</dict>
		<key>0F3CEAB31DC272AA003CD432</key>
		<dict>
			<key>fileEncoding</key>
			<string>4</string>
			<key>isa</key>
			<string>PBXFileReference</string>
			<key>lastKnownFileType</key>
			<string>sourcecode.swift</string>
			<key>path</key>
			<string>TabBarViewController.swift</string>
			<key>sourceTree</key>
			<string>&lt;group&gt;</string>
		</dict>
		<key>0F3CEAB41DC272AA003CD432</key>
		<dict>
			<key>fileRef</key>
			<string>0F3CEAB31DC272AA003CD432</string>
			<key>isa</key>
			<string>PBXBuildFile</string>
		</dict>
		<key>0F3CEAB91DC4D64F003CD432</key>
		<dict>
			<key>fileEncoding</key>
			<string>4</string>
			<key>isa</key>
			<string>PBXFileReference</string>
			<key>lastKnownFileType</key>
			<string>sourcecode.swift</string>
			<key>path</key>
			<string>AppStyle.swift</string>
			<key>sourceTree</key>
			<string>&lt;group&gt;</string>
		</dict>
		<key>0F3CEABA1DC4D64F003CD432</key>
		<dict>
			<key>fileRef</key>
			<string>0F3CEAB91DC4D64F003CD432</string>
			<key>isa</key>
			<string>PBXBuildFile</string>
		</dict>
		<key>0F3CEABB1DC6F9B5003CD432</key>
		<dict>
			<key>children</key>
			<array>
				<string>0F3CEABC1DC6F9D5003CD432</string>
				<string>0F76A87D1CFA1C9400BDD499</string>
			</array>
			<key>isa</key>
			<string>PBXGroup</string>
			<key>path</key>
			<string>Profile</string>
			<key>sourceTree</key>
			<string>&lt;group&gt;</string>
		</dict>
		<key>0F3CEABC1DC6F9D5003CD432</key>
		<dict>
			<key>fileEncoding</key>
			<string>4</string>
			<key>isa</key>
			<string>PBXFileReference</string>
			<key>lastKnownFileType</key>
			<string>file.storyboard</string>
			<key>path</key>
			<string>Profile.storyboard</string>
			<key>sourceTree</key>
			<string>&lt;group&gt;</string>
		</dict>
		<key>0F3CEABD1DC6F9D5003CD432</key>
		<dict>
			<key>fileRef</key>
			<string>0F3CEABC1DC6F9D5003CD432</string>
			<key>isa</key>
			<string>PBXBuildFile</string>
		</dict>
		<key>0F6597631DF6AF4F001E7DF1</key>
		<dict>
			<key>fileEncoding</key>
			<string>4</string>
			<key>isa</key>
			<string>PBXFileReference</string>
			<key>lastKnownFileType</key>
			<string>sourcecode.swift</string>
			<key>path</key>
			<string>BaseCollectionViewCell.swift</string>
			<key>sourceTree</key>
			<string>&lt;group&gt;</string>
		</dict>
		<key>0F6597641DF6AF4F001E7DF1</key>
		<dict>
			<key>fileRef</key>
			<string>0F6597631DF6AF4F001E7DF1</string>
			<key>isa</key>
			<string>PBXBuildFile</string>
		</dict>
		<key>0F6E12B41DD8F9AD00927810</key>
		<dict>
			<key>fileEncoding</key>
			<string>4</string>
			<key>isa</key>
			<string>PBXFileReference</string>
			<key>lastKnownFileType</key>
			<string>sourcecode.swift</string>
			<key>name</key>
			<string>CommonBaseViewController.swift</string>
			<key>path</key>
			<string>CommonBaseViewController.swift</string>
			<key>sourceTree</key>
			<string>&lt;group&gt;</string>
		</dict>
		<key>0F6E12B51DD8F9AD00927810</key>
		<dict>
			<key>fileRef</key>
			<string>0F6E12B41DD8F9AD00927810</string>
			<key>isa</key>
			<string>PBXBuildFile</string>
		</dict>
		<key>0F7170881DDF7D9900E9348C</key>
		<dict>
			<key>fileEncoding</key>
			<string>4</string>
			<key>isa</key>
			<string>PBXFileReference</string>
			<key>lastKnownFileType</key>
			<string>sourcecode.swift</string>
			<key>path</key>
			<string>HotboxView.swift</string>
			<key>sourceTree</key>
			<string>&lt;group&gt;</string>
		</dict>
		<key>0F7170891DDF7D9900E9348C</key>
		<dict>
			<key>fileRef</key>
			<string>0F7170881DDF7D9900E9348C</string>
			<key>isa</key>
			<string>PBXBuildFile</string>
		</dict>
		<key>0F76A8791CFA165D00BDD499</key>
		<dict>
			<key>fileEncoding</key>
			<string>4</string>
			<key>isa</key>
			<string>PBXFileReference</string>
			<key>lastKnownFileType</key>
			<string>sourcecode.swift</string>
			<key>path</key>
			<string>LoginViewController.swift</string>
			<key>sourceTree</key>
			<string>&lt;group&gt;</string>
		</dict>
		<key>0F76A87A1CFA165D00BDD499</key>
		<dict>
			<key>fileRef</key>
			<string>0F76A8791CFA165D00BDD499</string>
			<key>isa</key>
			<string>PBXBuildFile</string>
		</dict>
		<key>0F76A87D1CFA1C9400BDD499</key>
		<dict>
			<key>fileEncoding</key>
			<string>4</string>
			<key>isa</key>
			<string>PBXFileReference</string>
			<key>lastKnownFileType</key>
			<string>sourcecode.swift</string>
			<key>path</key>
			<string>ProfileViewController.swift</string>
			<key>sourceTree</key>
			<string>&lt;group&gt;</string>
		</dict>
		<key>0F76A87E1CFA1C9400BDD499</key>
		<dict>
			<key>fileRef</key>
			<string>0F76A87D1CFA1C9400BDD499</string>
			<key>isa</key>
			<string>PBXBuildFile</string>
		</dict>
		<key>0F7A58041DE2408300E52B55</key>
		<dict>
			<key>fileEncoding</key>
			<string>4</string>
			<key>isa</key>
			<string>PBXFileReference</string>
			<key>lastKnownFileType</key>
			<string>sourcecode.swift</string>
			<key>path</key>
			<string>PostWrapper.swift</string>
			<key>sourceTree</key>
			<string>&lt;group&gt;</string>
		</dict>
		<key>0F7A58051DE2408300E52B55</key>
		<dict>
			<key>fileRef</key>
			<string>0F7A58041DE2408300E52B55</string>
			<key>isa</key>
			<string>PBXBuildFile</string>
		</dict>
		<key>0F7A58061DE240E100E52B55</key>
		<dict>
			<key>fileEncoding</key>
			<string>4</string>
			<key>isa</key>
			<string>PBXFileReference</string>
			<key>lastKnownFileType</key>
			<string>sourcecode.swift</string>
			<key>path</key>
			<string>Broacaster.swift</string>
			<key>sourceTree</key>
			<string>&lt;group&gt;</string>
		</dict>
		<key>0F7A58071DE240E100E52B55</key>
		<dict>
			<key>fileRef</key>
			<string>0F7A58061DE240E100E52B55</string>
			<key>isa</key>
			<string>PBXBuildFile</string>
		</dict>
		<key>0F7A580A1DE2B8DE00E52B55</key>
		<dict>
			<key>fileEncoding</key>
			<string>4</string>
			<key>isa</key>
			<string>PBXFileReference</string>
			<key>lastKnownFileType</key>
			<string>sourcecode.swift</string>
			<key>path</key>
			<string>PostCollectionViewDelegate.swift</string>
			<key>sourceTree</key>
			<string>&lt;group&gt;</string>
		</dict>
		<key>0F7A580B1DE2B8DE00E52B55</key>
		<dict>
			<key>fileRef</key>
			<string>0F7A580A1DE2B8DE00E52B55</string>
			<key>isa</key>
			<string>PBXBuildFile</string>
		</dict>
		<key>0F7D75661DE37D9F009ED635</key>
		<dict>
			<key>fileEncoding</key>
			<string>4</string>
			<key>isa</key>
			<string>PBXFileReference</string>
			<key>lastKnownFileType</key>
			<string>sourcecode.swift</string>
			<key>path</key>
			<string>WeakHashSet.swift</string>
			<key>sourceTree</key>
			<string>&lt;group&gt;</string>
		</dict>
		<key>0F7D75671DE37D9F009ED635</key>
		<dict>
			<key>fileRef</key>
			<string>0F7D75661DE37D9F009ED635</string>
			<key>isa</key>
			<string>PBXBuildFile</string>
		</dict>
		<key>0F83CF3D1D734AAE001A7F8F</key>
		<dict>
			<key>fileEncoding</key>
			<string>4</string>
			<key>isa</key>
			<string>PBXFileReference</string>
			<key>lastKnownFileType</key>
			<string>file.storyboard</string>
			<key>path</key>
			<string>Search.storyboard</string>
			<key>sourceTree</key>
			<string>&lt;group&gt;</string>
		</dict>
		<key>0F83CF3E1D734AAF001A7F8F</key>
		<dict>
			<key>fileRef</key>
			<string>0F83CF3D1D734AAE001A7F8F</string>
			<key>isa</key>
			<string>PBXBuildFile</string>
		</dict>
		<key>0F83CF3F1D734C03001A7F8F</key>
		<dict>
			<key>children</key>
			<array>
				<string>0FF896671D73767A007813F7</string>
				<string>0FF896681D73767A007813F7</string>
				<string>0F83CF3D1D734AAE001A7F8F</string>
				<string>0F83CF401D734C1F001A7F8F</string>
			</array>
			<key>isa</key>
			<string>PBXGroup</string>
			<key>path</key>
			<string>Search</string>
			<key>sourceTree</key>
			<string>&lt;group&gt;</string>
		</dict>
		<key>0F83CF401D734C1F001A7F8F</key>
		<dict>
			<key>fileEncoding</key>
			<string>4</string>
			<key>isa</key>
			<string>PBXFileReference</string>
			<key>lastKnownFileType</key>
			<string>sourcecode.swift</string>
			<key>path</key>
			<string>SearchViewController.swift</string>
			<key>sourceTree</key>
			<string>&lt;group&gt;</string>
		</dict>
		<key>0F83CF411D734C1F001A7F8F</key>
		<dict>
			<key>fileRef</key>
			<string>0F83CF401D734C1F001A7F8F</string>
			<key>isa</key>
			<string>PBXBuildFile</string>
		</dict>
		<key>0F888A6D1D1DDD9F005F960A</key>
		<dict>
			<key>fileEncoding</key>
			<string>4</string>
			<key>isa</key>
			<string>PBXFileReference</string>
			<key>lastKnownFileType</key>
			<string>sourcecode.swift</string>
			<key>path</key>
			<string>LatestPostsViewController.swift</string>
			<key>sourceTree</key>
			<string>&lt;group&gt;</string>
		</dict>
		<key>0F888A6F1D1DDDA0005F960A</key>
		<dict>
			<key>fileRef</key>
			<string>0F888A6D1D1DDD9F005F960A</string>
			<key>isa</key>
			<string>PBXBuildFile</string>
		</dict>
		<key>0F97BD971DF0C00D007E5F43</key>
		<dict>
			<key>fileEncoding</key>
			<string>4</string>
			<key>isa</key>
			<string>PBXFileReference</string>
			<key>lastKnownFileType</key>
			<string>sourcecode.swift</string>
			<key>path</key>
			<string>ServerEvent.swift</string>
			<key>sourceTree</key>
			<string>&lt;group&gt;</string>
		</dict>
		<key>0F97BD981DF0C00D007E5F43</key>
		<dict>
			<key>fileRef</key>
			<string>0F97BD971DF0C00D007E5F43</string>
			<key>isa</key>
			<string>PBXBuildFile</string>
		</dict>
		<key>0F97BD991DF0C2F6007E5F43</key>
		<dict>
			<key>fileEncoding</key>
			<string>4</string>
			<key>isa</key>
			<string>PBXFileReference</string>
			<key>lastKnownFileType</key>
			<string>sourcecode.swift</string>
			<key>path</key>
			<string>ConnectCommand.swift</string>
			<key>sourceTree</key>
			<string>&lt;group&gt;</string>
		</dict>
		<key>0F97BD9A1DF0C2F6007E5F43</key>
		<dict>
			<key>fileRef</key>
			<string>0F97BD991DF0C2F6007E5F43</string>
			<key>isa</key>
			<string>PBXBuildFile</string>
		</dict>
		<key>0F97BD9B1DF0C330007E5F43</key>
		<dict>
			<key>fileEncoding</key>
			<string>4</string>
			<key>isa</key>
			<string>PBXFileReference</string>
			<key>lastKnownFileType</key>
			<string>sourcecode.swift</string>
			<key>path</key>
			<string>ConnectResponse.swift</string>
			<key>sourceTree</key>
			<string>&lt;group&gt;</string>
		</dict>
		<key>0F97BD9C1DF0C330007E5F43</key>
		<dict>
			<key>fileRef</key>
			<string>0F97BD9B1DF0C330007E5F43</string>
			<key>isa</key>
			<string>PBXBuildFile</string>
		</dict>
		<key>0F97BD9D1DF0C3E3007E5F43</key>
		<dict>
			<key>fileEncoding</key>
			<string>4</string>
			<key>isa</key>
			<string>PBXFileReference</string>
			<key>lastKnownFileType</key>
			<string>sourcecode.swift</string>
			<key>path</key>
			<string>ServerEventListCommand.swift</string>
			<key>sourceTree</key>
			<string>&lt;group&gt;</string>
		</dict>
		<key>0F97BD9E1DF0C3E3007E5F43</key>
		<dict>
			<key>fileRef</key>
			<string>0F97BD9D1DF0C3E3007E5F43</string>
			<key>isa</key>
			<string>PBXBuildFile</string>
		</dict>
		<key>0F97BD9F1DF0C3F0007E5F43</key>
		<dict>
			<key>fileEncoding</key>
			<string>4</string>
			<key>isa</key>
			<string>PBXFileReference</string>
			<key>lastKnownFileType</key>
			<string>sourcecode.swift</string>
			<key>path</key>
			<string>ServerEventListResponse.swift</string>
			<key>sourceTree</key>
			<string>&lt;group&gt;</string>
		</dict>
		<key>0F97BDA01DF0C3F0007E5F43</key>
		<dict>
			<key>fileRef</key>
			<string>0F97BD9F1DF0C3F0007E5F43</string>
			<key>isa</key>
			<string>PBXBuildFile</string>
		</dict>
		<key>0F97BDA11DF0C66D007E5F43</key>
		<dict>
			<key>fileEncoding</key>
			<string>4</string>
			<key>isa</key>
			<string>PBXFileReference</string>
			<key>lastKnownFileType</key>
			<string>sourcecode.swift</string>
			<key>path</key>
			<string>ServerEventMonitor.swift</string>
			<key>sourceTree</key>
			<string>&lt;group&gt;</string>
		</dict>
		<key>0F97BDA21DF0C66D007E5F43</key>
		<dict>
			<key>fileRef</key>
			<string>0F97BDA11DF0C66D007E5F43</string>
			<key>isa</key>
			<string>PBXBuildFile</string>
		</dict>
		<key>0F9E08F91D145DCF006676C1</key>
		<dict>
			<key>children</key>
			<array>
				<string>0F15F0081DF36AF500EECF87</string>
				<string>0FB2F4931CFF9C77008F386A</string>
				<string>0F2B2BB11DFCA86D0024856A</string>
				<string>0F2B8CBC1DCFCEE300BD62C6</string>
				<string>0FA3F2641DBBCAA100268DC1</string>
				<string>0FACAC5E1DDEC5B80090F094</string>
				<string>0FB2F4A81D035E34008F386A</string>
				<string>0F0F69A91D317137009600F7</string>
				<string>0FAFE33B1DCD44F0000BE422</string>
				<string>0FCC108B1D2B352500EA0B25</string>
				<string>0FF4ED8C1DCBE44400BE4CF4</string>
				<string>0FB2F4AA1D037008008F386A</string>
				<string>0FA556AE1D2077AC001CEA6E</string>
			</array>
			<key>isa</key>
			<string>PBXGroup</string>
			<key>path</key>
			<string>Extensions</string>
			<key>sourceTree</key>
			<string>&lt;group&gt;</string>
		</dict>
		<key>0F9E08FA1D145E43006676C1</key>
		<dict>
			<key>children</key>
			<array>
				<string>0FCF01831CFA10E200924868</string>
				<string>0F3CEAB91DC4D64F003CD432</string>
				<string>0F317C631D280D7D00C110AE</string>
				<string>0FCF018C1CFA10E200924868</string>
				<string>0F7A58061DE240E100E52B55</string>
				<string>0FCF01911CFA10E200924868</string>
				<string>0FCF018E1CFA10E200924868</string>
				<string>0FCF01891CFA10E200924868</string>
				<string>0FDA6A221DC7C75A00279596</string>
				<string>0FD0A33B1D0DF4140030D36F</string>
				<string>0F97BDA11DF0C66D007E5F43</string>
				<string>0FF6309D1DFB8B4C00DD3DD2</string>
				<string>0FF630991DFB889900DD3DD2</string>
				<string>0F3CEAB31DC272AA003CD432</string>
				<string>0FB2F4A61D035B4A008F386A</string>
				<string>0FCBD8581DBD101000DE8F2A</string>
			</array>
			<key>isa</key>
			<string>PBXGroup</string>
			<key>path</key>
			<string>Core</string>
			<key>sourceTree</key>
			<string>&lt;group&gt;</string>
		</dict>
		<key>0F9FB1E11DBD56EF00B901ED</key>
		<dict>
			<key>fileEncoding</key>
			<string>4</string>
			<key>isa</key>
			<string>PBXFileReference</string>
			<key>lastKnownFileType</key>
			<string>sourcecode.swift</string>
			<key>path</key>
			<string>PostSeperator.swift</string>
			<key>sourceTree</key>
			<string>&lt;group&gt;</string>
		</dict>
		<key>0F9FB1E21DBD56EF00B901ED</key>
		<dict>
			<key>fileRef</key>
			<string>0F9FB1E11DBD56EF00B901ED</string>
			<key>isa</key>
			<string>PBXBuildFile</string>
		</dict>
		<key>0F9FB1E31DBDC23800B901ED</key>
		<dict>
			<key>fileEncoding</key>
			<string>4</string>
			<key>isa</key>
			<string>PBXFileReference</string>
			<key>lastKnownFileType</key>
			<string>sourcecode.swift</string>
			<key>path</key>
			<string>ValidateCommand.swift</string>
			<key>sourceTree</key>
			<string>&lt;group&gt;</string>
		</dict>
		<key>0F9FB1E41DBDC23800B901ED</key>
		<dict>
			<key>fileRef</key>
			<string>0F9FB1E31DBDC23800B901ED</string>
			<key>isa</key>
			<string>PBXBuildFile</string>
		</dict>
		<key>0F9FB1E51DBDC29C00B901ED</key>
		<dict>
			<key>fileEncoding</key>
			<string>4</string>
			<key>isa</key>
			<string>PBXFileReference</string>
			<key>lastKnownFileType</key>
			<string>sourcecode.swift</string>
			<key>path</key>
			<string>ValidateResponse.swift</string>
			<key>sourceTree</key>
			<string>&lt;group&gt;</string>
		</dict>
		<key>0F9FB1E61DBDC29C00B901ED</key>
		<dict>
			<key>fileRef</key>
			<string>0F9FB1E51DBDC29C00B901ED</string>
			<key>isa</key>
			<string>PBXBuildFile</string>
		</dict>
		<key>0FA3933A1DDFB5FA00E3BC2E</key>
		<dict>
			<key>fileEncoding</key>
			<string>4</string>
			<key>isa</key>
			<string>PBXFileReference</string>
			<key>lastKnownFileType</key>
			<string>sourcecode.swift</string>
			<key>path</key>
			<string>LikeCommand.swift</string>
			<key>sourceTree</key>
			<string>&lt;group&gt;</string>
		</dict>
		<key>0FA3933B1DDFB5FB00E3BC2E</key>
		<dict>
			<key>fileRef</key>
			<string>0FA3933A1DDFB5FA00E3BC2E</string>
			<key>isa</key>
			<string>PBXBuildFile</string>
		</dict>
		<key>0FA3933C1DDFB61900E3BC2E</key>
		<dict>
			<key>fileEncoding</key>
			<string>4</string>
			<key>isa</key>
			<string>PBXFileReference</string>
			<key>lastKnownFileType</key>
			<string>sourcecode.swift</string>
			<key>path</key>
			<string>LikeResponse.swift</string>
			<key>sourceTree</key>
			<string>&lt;group&gt;</string>
		</dict>
		<key>0FA3933D1DDFB61900E3BC2E</key>
		<dict>
			<key>fileRef</key>
			<string>0FA3933C1DDFB61900E3BC2E</string>
			<key>isa</key>
			<string>PBXBuildFile</string>
		</dict>
		<key>0FA3F2431DB982CD00268DC1</key>
		<dict>
			<key>children</key>
			<array>
				<string>0FF630981DFB79E500DD3DD2</string>
				<string>0F2B2BB31DFDE56B0024856A</string>
				<string>0F6E12B41DD8F9AD00927810</string>
				<string>0F0F69CD1D4D4F53009600F7</string>
			</array>
			<key>isa</key>
			<string>PBXGroup</string>
			<key>name</key>
			<string>Shared</string>
			<key>path</key>
			<string>Shared</string>
			<key>sourceTree</key>
			<string>&lt;group&gt;</string>
		</dict>
		<key>0FA3F25C1DBBC7EA00268DC1</key>
		<dict>
			<key>fileEncoding</key>
			<string>4</string>
			<key>isa</key>
			<string>PBXFileReference</string>
			<key>lastKnownFileType</key>
			<string>sourcecode.swift</string>
			<key>path</key>
			<string>PostCollectionViewCell.swift</string>
			<key>sourceTree</key>
			<string>&lt;group&gt;</string>
		</dict>
		<key>0FA3F25D1DBBC7EA00268DC1</key>
		<dict>
			<key>fileEncoding</key>
			<string>4</string>
			<key>isa</key>
			<string>PBXFileReference</string>
			<key>lastKnownFileType</key>
			<string>file.xib</string>
			<key>path</key>
			<string>PostCollectionViewCell.xib</string>
			<key>sourceTree</key>
			<string>&lt;group&gt;</string>
		</dict>
		<key>0FA3F25E1DBBC7EA00268DC1</key>
		<dict>
			<key>fileRef</key>
			<string>0FA3F25C1DBBC7EA00268DC1</string>
			<key>isa</key>
			<string>PBXBuildFile</string>
		</dict>
		<key>0FA3F25F1DBBC7EA00268DC1</key>
		<dict>
			<key>fileRef</key>
			<string>0FA3F25D1DBBC7EA00268DC1</string>
			<key>isa</key>
			<string>PBXBuildFile</string>
		</dict>
		<key>0FA3F2601DBBC7FE00268DC1</key>
		<dict>
			<key>fileEncoding</key>
			<string>4</string>
			<key>isa</key>
			<string>PBXFileReference</string>
			<key>lastKnownFileType</key>
			<string>sourcecode.swift</string>
			<key>path</key>
			<string>PostReplyCollectionViewCell.swift</string>
			<key>sourceTree</key>
			<string>&lt;group&gt;</string>
		</dict>
		<key>0FA3F2611DBBC7FE00268DC1</key>
		<dict>
			<key>fileEncoding</key>
			<string>4</string>
			<key>isa</key>
			<string>PBXFileReference</string>
			<key>lastKnownFileType</key>
			<string>file.xib</string>
			<key>path</key>
			<string>PostReplyCollectionViewCell.xib</string>
			<key>sourceTree</key>
			<string>&lt;group&gt;</string>
		</dict>
		<key>0FA3F2621DBBC7FE00268DC1</key>
		<dict>
			<key>fileRef</key>
			<string>0FA3F2601DBBC7FE00268DC1</string>
			<key>isa</key>
			<string>PBXBuildFile</string>
		</dict>
		<key>0FA3F2631DBBC7FE00268DC1</key>
		<dict>
			<key>fileRef</key>
			<string>0FA3F2611DBBC7FE00268DC1</string>
			<key>isa</key>
			<string>PBXBuildFile</string>
		</dict>
		<key>0FA3F2641DBBCAA100268DC1</key>
		<dict>
			<key>fileEncoding</key>
			<string>4</string>
			<key>isa</key>
			<string>PBXFileReference</string>
			<key>lastKnownFileType</key>
			<string>sourcecode.swift</string>
			<key>path</key>
			<string>UICollectionViewCell+TTDC.swift</string>
			<key>sourceTree</key>
			<string>&lt;group&gt;</string>
		</dict>
		<key>0FA3F2651DBBCAA100268DC1</key>
		<dict>
			<key>fileRef</key>
			<string>0FA3F2641DBBCAA100268DC1</string>
			<key>isa</key>
			<string>PBXBuildFile</string>
		</dict>
		<key>0FA556AE1D2077AC001CEA6E</key>
		<dict>
			<key>fileEncoding</key>
			<string>4</string>
			<key>isa</key>
			<string>PBXFileReference</string>
			<key>lastKnownFileType</key>
			<string>sourcecode.swift</string>
			<key>path</key>
			<string>UIViewController+Utilities.swift</string>
			<key>sourceTree</key>
			<string>&lt;group&gt;</string>
		</dict>
		<key>0FA556AF1D2077AC001CEA6E</key>
		<dict>
			<key>fileRef</key>
			<string>0FA556AE1D2077AC001CEA6E</string>
			<key>isa</key>
			<string>PBXBuildFile</string>
		</dict>
		<key>0FACAC5E1DDEC5B80090F094</key>
		<dict>
			<key>fileEncoding</key>
			<string>4</string>
			<key>isa</key>
			<string>PBXFileReference</string>
			<key>lastKnownFileType</key>
			<string>sourcecode.swift</string>
			<key>path</key>
			<string>UIColor+.swift</string>
			<key>sourceTree</key>
			<string>&lt;group&gt;</string>
		</dict>
		<key>0FACAC5F1DDEC5B80090F094</key>
		<dict>
			<key>fileRef</key>
			<string>0FACAC5E1DDEC5B80090F094</string>
			<key>isa</key>
			<string>PBXBuildFile</string>
		</dict>
		<key>0FAFE33B1DCD44F0000BE422</key>
		<dict>
			<key>fileEncoding</key>
			<string>4</string>
			<key>isa</key>
			<string>PBXFileReference</string>
			<key>lastKnownFileType</key>
			<string>sourcecode.swift</string>
			<key>path</key>
			<string>UISearchBar+Custom.swift</string>
			<key>sourceTree</key>
			<string>&lt;group&gt;</string>
		</dict>
		<key>0FAFE33C1DCD44F0000BE422</key>
		<dict>
			<key>fileRef</key>
			<string>0FAFE33B1DCD44F0000BE422</string>
			<key>isa</key>
			<string>PBXBuildFile</string>
		</dict>
		<key>0FB2F4931CFF9C77008F386A</key>
		<dict>
			<key>fileEncoding</key>
			<string>4</string>
			<key>isa</key>
			<string>PBXFileReference</string>
			<key>lastKnownFileType</key>
			<string>sourcecode.swift</string>
			<key>path</key>
			<string>NSDate+Gloss.swift</string>
			<key>sourceTree</key>
			<string>&lt;group&gt;</string>
		</dict>
		<key>0FB2F4941CFF9C77008F386A</key>
		<dict>
			<key>fileRef</key>
			<string>0FB2F4931CFF9C77008F386A</string>
			<key>isa</key>
			<string>PBXBuildFile</string>
		</dict>
		<key>0FB2F4951CFFA0E5008F386A</key>
		<dict>
			<key>fileEncoding</key>
			<string>4</string>
			<key>isa</key>
			<string>PBXFileReference</string>
			<key>lastKnownFileType</key>
			<string>sourcecode.swift</string>
			<key>path</key>
			<string>Entry.swift</string>
			<key>sourceTree</key>
			<string>&lt;group&gt;</string>
		</dict>
		<key>0FB2F4961CFFA0E5008F386A</key>
		<dict>
			<key>fileRef</key>
			<string>0FB2F4951CFFA0E5008F386A</string>
			<key>isa</key>
			<string>PBXBuildFile</string>
		</dict>
		<key>0FB2F4971CFFA8FC008F386A</key>
		<dict>
			<key>fileEncoding</key>
			<string>4</string>
			<key>isa</key>
			<string>PBXFileReference</string>
			<key>lastKnownFileType</key>
			<string>sourcecode.swift</string>
			<key>path</key>
			<string>Image.swift</string>
			<key>sourceTree</key>
			<string>&lt;group&gt;</string>
		</dict>
		<key>0FB2F4981CFFA8FC008F386A</key>
		<dict>
			<key>fileRef</key>
			<string>0FB2F4971CFFA8FC008F386A</string>
			<key>isa</key>
			<string>PBXBuildFile</string>
		</dict>
		<key>0FB2F4991CFFAA8D008F386A</key>
		<dict>
			<key>children</key>
			<array>
				<string>0FCC107C1D2ABC2000EA0B25</string>
				<string>0FCC10741D28383E00EA0B25</string>
				<string>0FB2F4951CFFA0E5008F386A</string>
				<string>0F0F69C71D3BE371009600F7</string>
				<string>0FB2F4971CFFA8FC008F386A</string>
				<string>0FE527201CFB654300407AAE</string>
				<string>0FE527431CFD0E1E00407AAE</string>
				<string>0F7A58041DE2408300E52B55</string>
				<string>0F97BD971DF0C00D007E5F43</string>
				<string>0F3CEAB11DC07056003CD432</string>
				<string>0F3CEAAF1DC07046003CD432</string>
			</array>
			<key>isa</key>
			<string>PBXGroup</string>
			<key>path</key>
			<string>DataTypes</string>
			<key>sourceTree</key>
			<string>&lt;group&gt;</string>
		</dict>
		<key>0FB2F4A61D035B4A008F386A</key>
		<dict>
			<key>fileEncoding</key>
			<string>4</string>
			<key>isa</key>
			<string>PBXFileReference</string>
			<key>lastKnownFileType</key>
			<string>sourcecode.swift</string>
			<key>path</key>
			<string>Utilities.swift</string>
			<key>sourceTree</key>
			<string>&lt;group&gt;</string>
		</dict>
		<key>0FB2F4A71D035B4A008F386A</key>
		<dict>
			<key>fileRef</key>
			<string>0FB2F4A61D035B4A008F386A</string>
			<key>isa</key>
			<string>PBXBuildFile</string>
		</dict>
		<key>0FB2F4A81D035E34008F386A</key>
		<dict>
			<key>fileEncoding</key>
			<string>4</string>
			<key>isa</key>
			<string>PBXFileReference</string>
			<key>lastKnownFileType</key>
			<string>sourcecode.swift</string>
			<key>path</key>
			<string>UIImageView+WebLoad.swift</string>
			<key>sourceTree</key>
			<string>&lt;group&gt;</string>
		</dict>
		<key>0FB2F4A91D035E34008F386A</key>
		<dict>
			<key>fileRef</key>
			<string>0FB2F4A81D035E34008F386A</string>
			<key>isa</key>
			<string>PBXBuildFile</string>
		</dict>
		<key>0FB2F4AA1D037008008F386A</key>
		<dict>
			<key>fileEncoding</key>
			<string>4</string>
			<key>isa</key>
			<string>PBXFileReference</string>
			<key>lastKnownFileType</key>
			<string>sourcecode.swift</string>
			<key>path</key>
			<string>UIView+Utillities.swift</string>
			<key>sourceTree</key>
			<string>&lt;group&gt;</string>
		</dict>
		<key>0FB2F4AB1D037008008F386A</key>
		<dict>
			<key>fileRef</key>
			<string>0FB2F4AA1D037008008F386A</string>
			<key>isa</key>
			<string>PBXBuildFile</string>
		</dict>
		<key>0FCBD8581DBD101000DE8F2A</key>
		<dict>
			<key>fileEncoding</key>
			<string>4</string>
			<key>isa</key>
			<string>PBXFileReference</string>
			<key>lastKnownFileType</key>
			<string>text.css</string>
			<key>path</key>
			<string>style.css</string>
			<key>sourceTree</key>
			<string>&lt;group&gt;</string>
		</dict>
		<key>0FCBD8591DBD101000DE8F2A</key>
		<dict>
			<key>fileRef</key>
			<string>0FCBD8581DBD101000DE8F2A</string>
			<key>isa</key>
			<string>PBXBuildFile</string>
		</dict>
		<key>0FCC10741D28383E00EA0B25</key>
		<dict>
			<key>fileEncoding</key>
			<string>4</string>
			<key>isa</key>
			<string>PBXFileReference</string>
			<key>lastKnownFileType</key>
			<string>sourcecode.swift</string>
			<key>path</key>
			<string>DisplayMode.swift</string>
			<key>sourceTree</key>
			<string>&lt;group&gt;</string>
		</dict>
		<key>0FCC10751D28383E00EA0B25</key>
		<dict>
			<key>fileRef</key>
			<string>0FCC10741D28383E00EA0B25</string>
			<key>isa</key>
			<string>PBXBuildFile</string>
		</dict>
		<key>0FCC107A1D2ABB9800EA0B25</key>
		<dict>
			<key>fileEncoding</key>
			<string>4</string>
			<key>isa</key>
			<string>PBXFileReference</string>
			<key>lastKnownFileType</key>
			<string>sourcecode.swift</string>
			<key>path</key>
			<string>AutoCompleteResponse.swift</string>
			<key>sourceTree</key>
			<string>&lt;group&gt;</string>
		</dict>
		<key>0FCC107B1D2ABB9800EA0B25</key>
		<dict>
			<key>fileRef</key>
			<string>0FCC107A1D2ABB9800EA0B25</string>
			<key>isa</key>
			<string>PBXBuildFile</string>
		</dict>
		<key>0FCC107C1D2ABC2000EA0B25</key>
		<dict>
			<key>fileEncoding</key>
			<string>4</string>
			<key>isa</key>
			<string>PBXFileReference</string>
			<key>lastKnownFileType</key>
			<string>sourcecode.swift</string>
			<key>path</key>
			<string>AutoCompleteItem.swift</string>
			<key>sourceTree</key>
			<string>&lt;group&gt;</string>
		</dict>
		<key>0FCC107D1D2ABC2000EA0B25</key>
		<dict>
			<key>fileRef</key>
			<string>0FCC107C1D2ABC2000EA0B25</string>
			<key>isa</key>
			<string>PBXBuildFile</string>
		</dict>
		<key>0FCC107E1D2ABEAA00EA0B25</key>
		<dict>
			<key>fileEncoding</key>
			<string>4</string>
			<key>isa</key>
			<string>PBXFileReference</string>
			<key>lastKnownFileType</key>
			<string>sourcecode.swift</string>
			<key>path</key>
			<string>AutoCompleteCommand.swift</string>
			<key>sourceTree</key>
			<string>&lt;group&gt;</string>
		</dict>
		<key>0FCC107F1D2ABEAA00EA0B25</key>
		<dict>
			<key>fileRef</key>
			<string>0FCC107E1D2ABEAA00EA0B25</string>
			<key>isa</key>
			<string>PBXBuildFile</string>
		</dict>
		<key>0FCC10801D2AC38800EA0B25</key>
		<dict>
			<key>fileEncoding</key>
			<string>4</string>
			<key>isa</key>
			<string>PBXFileReference</string>
			<key>lastKnownFileType</key>
			<string>file.storyboard</string>
			<key>path</key>
			<string>Comment.storyboard</string>
			<key>sourceTree</key>
			<string>&lt;group&gt;</string>
		</dict>
		<key>0FCC10811D2AC38800EA0B25</key>
		<dict>
			<key>fileRef</key>
			<string>0FCC10801D2AC38800EA0B25</string>
			<key>isa</key>
			<string>PBXBuildFile</string>
		</dict>
		<key>0FCC10821D2AC51A00EA0B25</key>
		<dict>
			<key>fileEncoding</key>
			<string>4</string>
			<key>isa</key>
			<string>PBXFileReference</string>
			<key>lastKnownFileType</key>
			<string>sourcecode.swift</string>
			<key>path</key>
			<string>ChooseThreadViewController.swift</string>
			<key>sourceTree</key>
			<string>&lt;group&gt;</string>
		</dict>
		<key>0FCC10831D2AC51A00EA0B25</key>
		<dict>
			<key>fileRef</key>
			<string>0FCC10821D2AC51A00EA0B25</string>
			<key>isa</key>
			<string>PBXBuildFile</string>
		</dict>
		<key>0FCC10841D2AC52500EA0B25</key>
		<dict>
			<key>children</key>
			<array>
				<string>0FF630941DFB77C100DD3DD2</string>
				<string>0F0F69B51D370987009600F7</string>
				<string>0FD597671D316CD500CAE7FF</string>
				<string>0FD597681D316CD500CAE7FF</string>
				<string>0FCC10801D2AC38800EA0B25</string>
				<string>0F0F69CB1D3C9D09009600F7</string>
			</array>
			<key>isa</key>
			<string>PBXGroup</string>
			<key>path</key>
			<string>Comment</string>
			<key>sourceTree</key>
			<string>&lt;group&gt;</string>
		</dict>
		<key>0FCC10891D2B1CF700EA0B25</key>
		<dict>
			<key>fileEncoding</key>
			<string>4</string>
			<key>isa</key>
			<string>PBXFileReference</string>
			<key>lastKnownFileType</key>
			<string>sourcecode.swift</string>
			<key>path</key>
			<string>Response.swift</string>
			<key>sourceTree</key>
			<string>&lt;group&gt;</string>
		</dict>
		<key>0FCC108A1D2B1CF700EA0B25</key>
		<dict>
			<key>fileRef</key>
			<string>0FCC10891D2B1CF700EA0B25</string>
			<key>isa</key>
			<string>PBXBuildFile</string>
		</dict>
		<key>0FCC108B1D2B352500EA0B25</key>
		<dict>
			<key>fileEncoding</key>
			<string>4</string>
			<key>isa</key>
			<string>PBXFileReference</string>
			<key>lastKnownFileType</key>
			<string>sourcecode.swift</string>
			<key>path</key>
			<string>UITextView+Utilities.swift</string>
			<key>sourceTree</key>
			<string>&lt;group&gt;</string>
		</dict>
		<key>0FCC108C1D2B352500EA0B25</key>
		<dict>
			<key>fileRef</key>
			<string>0FCC108B1D2B352500EA0B25</string>
			<key>isa</key>
			<string>PBXBuildFile</string>
		</dict>
		<key>0FCF01771CFA10E100924868</key>
		<dict>
			<key>children</key>
			<array>
				<string>0FCF01821CFA10E200924868</string>
				<string>0FCF01811CFA10E200924868</string>
			</array>
			<key>isa</key>
			<string>PBXGroup</string>
			<key>sourceTree</key>
			<string>&lt;group&gt;</string>
		</dict>
		<key>0FCF01781CFA10E100924868</key>
		<dict>
			<key>attributes</key>
			<dict>
				<key>LastSwiftUpdateCheck</key>
				<string>0730</string>
				<key>LastUpgradeCheck</key>
				<string>0800</string>
				<key>ORGANIZATIONNAME</key>
				<string>Trevis Thomas</string>
				<key>TargetAttributes</key>
				<dict>
					<key>0FCF017F1CFA10E200924868</key>
					<dict>
						<key>CreatedOnToolsVersion</key>
						<string>7.3.1</string>
						<key>DevelopmentTeam</key>
						<string>KRNJ229R7J</string>
						<key>LastSwiftMigration</key>
						<string>0810</string>
					</dict>
				</dict>
			</dict>
			<key>buildConfigurationList</key>
			<string>0FCF017B1CFA10E100924868</string>
			<key>compatibilityVersion</key>
			<string>Xcode 3.2</string>
			<key>developmentRegion</key>
			<string>English</string>
			<key>hasScannedForEncodings</key>
			<string>0</string>
			<key>isa</key>
			<string>PBXProject</string>
			<key>knownRegions</key>
			<array>
				<string>en</string>
				<string>Base</string>
			</array>
			<key>mainGroup</key>
			<string>0FCF01771CFA10E100924868</string>
			<key>productRefGroup</key>
			<string>0FCF01811CFA10E200924868</string>
			<key>projectDirPath</key>
			<string></string>
			<key>projectReferences</key>
			<array/>
			<key>projectRoot</key>
			<string></string>
			<key>targets</key>
			<array>
				<string>0FCF017F1CFA10E200924868</string>
			</array>
		</dict>
		<key>0FCF017B1CFA10E100924868</key>
		<dict>
			<key>buildConfigurations</key>
			<array>
				<string>0FCF01921CFA10E200924868</string>
				<string>0FCF01931CFA10E200924868</string>
			</array>
			<key>defaultConfigurationIsVisible</key>
			<string>0</string>
			<key>defaultConfigurationName</key>
			<string>Release</string>
			<key>isa</key>
			<string>XCConfigurationList</string>
		</dict>
		<key>0FCF017C1CFA10E200924868</key>
		<dict>
			<key>buildActionMask</key>
			<string>2147483647</string>
			<key>files</key>
			<array>
				<string>0FE5273A1CFC9FB800407AAE</string>
				<string>0FA3F25E1DBBC7EA00268DC1</string>
				<string>0FF4ED871DCAF9B800BE4CF4</string>
				<string>0FB2F4981CFFA8FC008F386A</string>
				<string>0FCF01841CFA10E200924868</string>
				<string>0F0F69CE1D4D4F53009600F7</string>
				<string>0FE527211CFB654300407AAE</string>
				<string>0FB2F4A71D035B4A008F386A</string>
				<string>0F7D75671DE37D9F009ED635</string>
				<string>0F0F69B81D383730009600F7</string>
				<string>0FDA6A231DC7C75A00279596</string>
				<string>0FA3933B1DDFB5FB00E3BC2E</string>
				<string>0F7A58051DE2408300E52B55</string>
				<string>0F97BD981DF0C00D007E5F43</string>
				<string>0FF4ED891DCBD26400BE4CF4</string>
				<string>0FF4ED8D1DCBE44400BE4CF4</string>
				<string>0F0997B51DC90EFC001991E2</string>
				<string>0FE527231CFB654300407AAE</string>
				<string>0F2B2BB21DFCA86D0024856A</string>
				<string>0F97BDA01DF0C3F0007E5F43</string>
				<string>0FF6309B1DFB889900DD3DD2</string>
				<string>0F3CEAB41DC272AA003CD432</string>
				<string>0F97BD9C1DF0C330007E5F43</string>
				<string>0F76A87E1CFA1C9400BDD499</string>
				<string>0F7170891DDF7D9900E9348C</string>
				<string>0FE527301CFB65EB00407AAE</string>
				<string>0FCC108A1D2B1CF700EA0B25</string>
				<string>0FD0A33E1D0DFDD80030D36F</string>
				<string>0F76A87A1CFA165D00BDD499</string>
				<string>0FB2F4941CFF9C77008F386A</string>
				<string>0FCC107B1D2ABB9800EA0B25</string>
				<string>0FA3F2651DBBCAA100268DC1</string>
				<string>0FACAC5F1DDEC5B80090F094</string>
				<string>0FAFE33C1DCD44F0000BE422</string>
				<string>0F15F0071DF3682A00EECF87</string>
				<string>0F0F69AE1D32986B009600F7</string>
				<string>0FA3933D1DDFB61900E3BC2E</string>
				<string>0F0F69C21D3ADCB7009600F7</string>
				<string>0F2B8CBA1DCF1FE800BD62C6</string>
				<string>0F97BD9E1DF0C3E3007E5F43</string>
				<string>0F97BD9A1DF0C2F6007E5F43</string>
				<string>0FCC10831D2AC51A00EA0B25</string>
				<string>0FCC107F1D2ABEAA00EA0B25</string>
				<string>0FE527241CFB654300407AAE</string>
				<string>0FE527311CFB65EB00407AAE</string>
				<string>0F15F0011DF13C7E00EECF87</string>
				<string>0FD0A3401D0DFE980030D36F</string>
				<string>0F0F69AC1D319DAF009600F7</string>
				<string>0FCC10751D28383E00EA0B25</string>
				<string>0FD00B811DC9372C001F555A</string>
				<string>0FA556AF1D2077AC001CEA6E</string>
				<string>0F0F69B01D329887009600F7</string>
				<string>0FE5273C1CFCA27E00407AAE</string>
				<string>0FCC108C1D2B352500EA0B25</string>
				<string>0F0F69C81D3BE371009600F7</string>
				<string>0FCC107D1D2ABC2000EA0B25</string>
				<string>0F3CEAB21DC07056003CD432</string>
				<string>0F83CF411D734C1F001A7F8F</string>
				<string>0FF896691D73767A007813F7</string>
				<string>0FE527441CFD0E1E00407AAE</string>
				<string>0F0F69C41D3BE113009600F7</string>
				<string>0F7A58071DE240E100E52B55</string>
				<string>0F0F69AA1D317137009600F7</string>
				<string>0F0F69BC1D3AB65B009600F7</string>
				<string>0F7A580B1DE2B8DE00E52B55</string>
				<string>0F0F69C61D3BE23D009600F7</string>
				<string>0FD597691D316CD500CAE7FF</string>
				<string>0F9FB1E21DBD56EF00B901ED</string>
				<string>0F2B8CBD1DCFCEE300BD62C6</string>
				<string>0F0F69C01D3ADB5D009600F7</string>
				<string>0FD0A32E1D0CB0050030D36F</string>
				<string>0F3CEAB01DC07046003CD432</string>
				<string>0FB2F4A91D035E34008F386A</string>
				<string>0FE5272D1CFB65EB00407AAE</string>
				<string>0F0F69B21D329B61009600F7</string>
				<string>0F9FB1E41DBDC23800B901ED</string>
				<string>0FF896631D736F60007813F7</string>
				<string>0FA3F2621DBBC7FE00268DC1</string>
				<string>0F9FB1E61DBDC29C00B901ED</string>
				<string>0FB2F4961CFFA0E5008F386A</string>
				<string>0FE527321CFB65EB00407AAE</string>
				<string>0F888A6F1D1DDDA0005F960A</string>
				<string>0F2B8CB61DCE7F4800BD62C6</string>
				<string>0FE5272E1CFB65EB00407AAE</string>
				<string>0FE5273E1CFD058700407AAE</string>
				<string>0F3CEABA1DC4D64F003CD432</string>
				<string>0F97BDA21DF0C66D007E5F43</string>
				<string>0FE527221CFB654300407AAE</string>
				<string>0FE5272F1CFB65EB00407AAE</string>
				<string>0F6E12B51DD8F9AD00927810</string>
				<string>0F15F0091DF36AF500EECF87</string>
				<string>0F0F69CA1D3C9863009600F7</string>
				<string>0F6597641DF6AF4F001E7DF1</string>
				<string>0F317C641D280D7D00C110AE</string>
				<string>0FD0A33C1D0DF4140030D36F</string>
				<string>0FB2F4AB1D037008008F386A</string>
				<string>0FE527401CFD05AE00407AAE</string>
				<string>0F0F69BA1D3AB511009600F7</string>
				<string>0FD0A32C1D0CAD0E0030D36F</string>
			</array>
			<key>isa</key>
			<string>PBXSourcesBuildPhase</string>
			<key>runOnlyForDeploymentPostprocessing</key>
			<string>0</string>
		</dict>
		<key>0FCF017D1CFA10E200924868</key>
		<dict>
			<key>buildActionMask</key>
			<string>2147483647</string>
			<key>files</key>
			<array/>
			<key>isa</key>
			<string>PBXFrameworksBuildPhase</string>
			<key>runOnlyForDeploymentPostprocessing</key>
			<string>0</string>
		</dict>
		<key>0FCF017E1CFA10E200924868</key>
		<dict>
			<key>buildActionMask</key>
			<string>2147483647</string>
			<key>files</key>
			<array>
				<string>0FD00B821DC9372C001F555A</string>
				<string>0F2B8CBB1DCF1FE900BD62C6</string>
				<string>0F0997B61DC90EFC001991E2</string>
				<string>0FCF01901CFA10E200924868</string>
				<string>0FA3F2631DBBC7FE00268DC1</string>
				<string>0F2B8CB71DCE7F4800BD62C6</string>
				<string>0FD5976A1D316CD500CAE7FF</string>
				<string>0F0F69CC1D3C9D09009600F7</string>
				<string>0FF6309E1DFB8B4C00DD3DD2</string>
				<string>0FCC10811D2AC38800EA0B25</string>
				<string>0F0F69B61D370987009600F7</string>
				<string>0FF8966A1D73767A007813F7</string>
				<string>0FCF018D1CFA10E200924868</string>
				<string>0FF896661D737096007813F7</string>
				<string>0FA3F25F1DBBC7EA00268DC1</string>
				<string>0FF4ED8B1DCBE1AA00BE4CF4</string>
				<string>0FCBD8591DBD101000DE8F2A</string>
				<string>0FCF018B1CFA10E200924868</string>
				<string>0F3CEABD1DC6F9D5003CD432</string>
				<string>0F83CF3E1D734AAF001A7F8F</string>
				<string>0F15F0031DF148CD00EECF87</string>
			</array>
			<key>isa</key>
			<string>PBXResourcesBuildPhase</string>
			<key>runOnlyForDeploymentPostprocessing</key>
			<string>0</string>
		</dict>
		<key>0FCF017F1CFA10E200924868</key>
		<dict>
			<key>buildConfigurationList</key>
			<string>0FCF01941CFA10E200924868</string>
			<key>buildPhases</key>
			<array>
				<string>0FCF017C1CFA10E200924868</string>
				<string>0FCF017D1CFA10E200924868</string>
				<string>0FCF017E1CFA10E200924868</string>
			</array>
			<key>buildRules</key>
			<array/>
			<key>dependencies</key>
			<array/>
			<key>isa</key>
			<string>PBXNativeTarget</string>
			<key>name</key>
			<string>MobileTTDC</string>
			<key>productName</key>
			<string>MobileTTDC</string>
			<key>productReference</key>
			<string>0FCF01801CFA10E200924868</string>
			<key>productType</key>
			<string>com.apple.product-type.application</string>
		</dict>
		<key>0FCF01801CFA10E200924868</key>
		<dict>
			<key>explicitFileType</key>
			<string>wrapper.application</string>
			<key>includeInIndex</key>
			<string>0</string>
			<key>isa</key>
			<string>PBXFileReference</string>
			<key>path</key>
			<string>MobileTTDC.app</string>
			<key>sourceTree</key>
			<string>BUILT_PRODUCTS_DIR</string>
		</dict>
		<key>0FCF01811CFA10E200924868</key>
		<dict>
			<key>children</key>
			<array>
				<string>0FCF01801CFA10E200924868</string>
			</array>
			<key>isa</key>
			<string>PBXGroup</string>
			<key>name</key>
			<string>Products</string>
			<key>sourceTree</key>
			<string>&lt;group&gt;</string>
		</dict>
		<key>0FCF01821CFA10E200924868</key>
		<dict>
			<key>children</key>
			<array>
				<string>0F9E08FA1D145E43006676C1</string>
				<string>0F9E08F91D145DCF006676C1</string>
				<string>0FF630971DFB795D00DD3DD2</string>
				<string>0FE527341CFB65FA00407AAE</string>
				<string>0FE527251CFB656200407AAE</string>
			</array>
			<key>isa</key>
			<string>PBXGroup</string>
			<key>path</key>
			<string>MobileTTDC</string>
			<key>sourceTree</key>
			<string>&lt;group&gt;</string>
		</dict>
		<key>0FCF01831CFA10E200924868</key>
		<dict>
			<key>isa</key>
			<string>PBXFileReference</string>
			<key>lastKnownFileType</key>
			<string>sourcecode.swift</string>
			<key>path</key>
			<string>AppDelegate.swift</string>
			<key>sourceTree</key>
			<string>&lt;group&gt;</string>
		</dict>
		<key>0FCF01841CFA10E200924868</key>
		<dict>
			<key>fileRef</key>
			<string>0FCF01831CFA10E200924868</string>
			<key>isa</key>
			<string>PBXBuildFile</string>
		</dict>
		<key>0FCF01891CFA10E200924868</key>
		<dict>
			<key>children</key>
			<array>
				<string>0FCF018A1CFA10E200924868</string>
			</array>
			<key>isa</key>
			<string>PBXVariantGroup</string>
			<key>name</key>
			<string>Main.storyboard</string>
			<key>path</key>
			<string>.</string>
			<key>sourceTree</key>
			<string>&lt;group&gt;</string>
		</dict>
		<key>0FCF018A1CFA10E200924868</key>
		<dict>
			<key>isa</key>
			<string>PBXFileReference</string>
			<key>lastKnownFileType</key>
			<string>file.storyboard</string>
			<key>name</key>
			<string>Base</string>
			<key>path</key>
			<string>Base.lproj/Main.storyboard</string>
			<key>sourceTree</key>
			<string>&lt;group&gt;</string>
		</dict>
		<key>0FCF018B1CFA10E200924868</key>
		<dict>
			<key>fileRef</key>
			<string>0FCF01891CFA10E200924868</string>
			<key>isa</key>
			<string>PBXBuildFile</string>
		</dict>
		<key>0FCF018C1CFA10E200924868</key>
		<dict>
			<key>isa</key>
			<string>PBXFileReference</string>
			<key>lastKnownFileType</key>
			<string>folder.assetcatalog</string>
			<key>path</key>
			<string>Assets.xcassets</string>
			<key>sourceTree</key>
			<string>&lt;group&gt;</string>
		</dict>
		<key>0FCF018D1CFA10E200924868</key>
		<dict>
			<key>fileRef</key>
			<string>0FCF018C1CFA10E200924868</string>
			<key>isa</key>
			<string>PBXBuildFile</string>
		</dict>
		<key>0FCF018E1CFA10E200924868</key>
		<dict>
			<key>children</key>
			<array>
				<string>0FCF018F1CFA10E200924868</string>
			</array>
			<key>isa</key>
			<string>PBXVariantGroup</string>
			<key>name</key>
			<string>LaunchScreen.storyboard</string>
			<key>path</key>
			<string>.</string>
			<key>sourceTree</key>
			<string>&lt;group&gt;</string>
		</dict>
		<key>0FCF018F1CFA10E200924868</key>
		<dict>
			<key>isa</key>
			<string>PBXFileReference</string>
			<key>lastKnownFileType</key>
			<string>file.storyboard</string>
			<key>name</key>
			<string>Base</string>
			<key>path</key>
			<string>Base.lproj/LaunchScreen.storyboard</string>
			<key>sourceTree</key>
			<string>&lt;group&gt;</string>
		</dict>
		<key>0FCF01901CFA10E200924868</key>
		<dict>
			<key>fileRef</key>
			<string>0FCF018E1CFA10E200924868</string>
			<key>isa</key>
			<string>PBXBuildFile</string>
		</dict>
		<key>0FCF01911CFA10E200924868</key>
		<dict>
			<key>isa</key>
			<string>PBXFileReference</string>
			<key>lastKnownFileType</key>
			<string>text.plist.xml</string>
			<key>path</key>
			<string>Info.plist</string>
			<key>sourceTree</key>
			<string>&lt;group&gt;</string>
		</dict>
		<key>0FCF01921CFA10E200924868</key>
		<dict>
			<key>buildSettings</key>
			<dict>
				<key>ALWAYS_SEARCH_USER_PATHS</key>
				<string>NO</string>
				<key>CLANG_ANALYZER_NONNULL</key>
				<string>YES</string>
				<key>CLANG_CXX_LANGUAGE_STANDARD</key>
				<string>gnu++0x</string>
				<key>CLANG_CXX_LIBRARY</key>
				<string>libc++</string>
				<key>CLANG_ENABLE_MODULES</key>
				<string>YES</string>
				<key>CLANG_ENABLE_OBJC_ARC</key>
				<string>YES</string>
				<key>CLANG_WARN_BOOL_CONVERSION</key>
				<string>YES</string>
				<key>CLANG_WARN_CONSTANT_CONVERSION</key>
				<string>YES</string>
				<key>CLANG_WARN_DIRECT_OBJC_ISA_USAGE</key>
				<string>YES_ERROR</string>
				<key>CLANG_WARN_EMPTY_BODY</key>
				<string>YES</string>
				<key>CLANG_WARN_ENUM_CONVERSION</key>
				<string>YES</string>
				<key>CLANG_WARN_INFINITE_RECURSION</key>
				<string>YES</string>
				<key>CLANG_WARN_INT_CONVERSION</key>
				<string>YES</string>
				<key>CLANG_WARN_OBJC_ROOT_CLASS</key>
				<string>YES_ERROR</string>
				<key>CLANG_WARN_SUSPICIOUS_MOVE</key>
				<string>YES</string>
				<key>CLANG_WARN_UNREACHABLE_CODE</key>
				<string>YES</string>
				<key>CLANG_WARN__DUPLICATE_METHOD_MATCH</key>
				<string>YES</string>
				<key>CODE_SIGN_IDENTITY[sdk=iphoneos*]</key>
				<string>iPhone Developer</string>
				<key>COPY_PHASE_STRIP</key>
				<string>NO</string>
				<key>DEBUG_INFORMATION_FORMAT</key>
				<string>dwarf</string>
				<key>ENABLE_STRICT_OBJC_MSGSEND</key>
				<string>YES</string>
				<key>ENABLE_TESTABILITY</key>
				<string>YES</string>
				<key>GCC_C_LANGUAGE_STANDARD</key>
				<string>gnu99</string>
				<key>GCC_DYNAMIC_NO_PIC</key>
				<string>NO</string>
				<key>GCC_NO_COMMON_BLOCKS</key>
				<string>YES</string>
				<key>GCC_OPTIMIZATION_LEVEL</key>
				<string>0</string>
				<key>GCC_PREPROCESSOR_DEFINITIONS</key>
				<array>
					<string>DEBUG=1</string>
					<string>$(inherited)</string>
				</array>
				<key>GCC_WARN_64_TO_32_BIT_CONVERSION</key>
				<string>YES</string>
				<key>GCC_WARN_ABOUT_RETURN_TYPE</key>
				<string>YES_ERROR</string>
				<key>GCC_WARN_UNDECLARED_SELECTOR</key>
				<string>YES</string>
				<key>GCC_WARN_UNINITIALIZED_AUTOS</key>
				<string>YES_AGGRESSIVE</string>
				<key>GCC_WARN_UNUSED_FUNCTION</key>
				<string>YES</string>
				<key>GCC_WARN_UNUSED_VARIABLE</key>
				<string>YES</string>
				<key>IPHONEOS_DEPLOYMENT_TARGET</key>
				<string>10.0</string>
				<key>MTL_ENABLE_DEBUG_INFO</key>
				<string>YES</string>
				<key>ONLY_ACTIVE_ARCH</key>
				<string>YES</string>
				<key>SDKROOT</key>
				<string>iphoneos</string>
				<key>SWIFT_OPTIMIZATION_LEVEL</key>
				<string>-Onone</string>
				<key>TARGETED_DEVICE_FAMILY</key>
				<string>1,2</string>
			</dict>
			<key>isa</key>
			<string>XCBuildConfiguration</string>
			<key>name</key>
			<string>Debug</string>
		</dict>
		<key>0FCF01931CFA10E200924868</key>
		<dict>
			<key>buildSettings</key>
			<dict>
				<key>ALWAYS_SEARCH_USER_PATHS</key>
				<string>NO</string>
				<key>CLANG_ANALYZER_NONNULL</key>
				<string>YES</string>
				<key>CLANG_CXX_LANGUAGE_STANDARD</key>
				<string>gnu++0x</string>
				<key>CLANG_CXX_LIBRARY</key>
				<string>libc++</string>
				<key>CLANG_ENABLE_MODULES</key>
				<string>YES</string>
				<key>CLANG_ENABLE_OBJC_ARC</key>
				<string>YES</string>
				<key>CLANG_WARN_BOOL_CONVERSION</key>
				<string>YES</string>
				<key>CLANG_WARN_CONSTANT_CONVERSION</key>
				<string>YES</string>
				<key>CLANG_WARN_DIRECT_OBJC_ISA_USAGE</key>
				<string>YES_ERROR</string>
				<key>CLANG_WARN_EMPTY_BODY</key>
				<string>YES</string>
				<key>CLANG_WARN_ENUM_CONVERSION</key>
				<string>YES</string>
				<key>CLANG_WARN_INFINITE_RECURSION</key>
				<string>YES</string>
				<key>CLANG_WARN_INT_CONVERSION</key>
				<string>YES</string>
				<key>CLANG_WARN_OBJC_ROOT_CLASS</key>
				<string>YES_ERROR</string>
				<key>CLANG_WARN_SUSPICIOUS_MOVE</key>
				<string>YES</string>
				<key>CLANG_WARN_UNREACHABLE_CODE</key>
				<string>YES</string>
				<key>CLANG_WARN__DUPLICATE_METHOD_MATCH</key>
				<string>YES</string>
				<key>CODE_SIGN_IDENTITY[sdk=iphoneos*]</key>
				<string>iPhone Developer</string>
				<key>COPY_PHASE_STRIP</key>
				<string>NO</string>
				<key>DEBUG_INFORMATION_FORMAT</key>
				<string>dwarf-with-dsym</string>
				<key>ENABLE_NS_ASSERTIONS</key>
				<string>NO</string>
				<key>ENABLE_STRICT_OBJC_MSGSEND</key>
				<string>YES</string>
				<key>GCC_C_LANGUAGE_STANDARD</key>
				<string>gnu99</string>
				<key>GCC_NO_COMMON_BLOCKS</key>
				<string>YES</string>
				<key>GCC_WARN_64_TO_32_BIT_CONVERSION</key>
				<string>YES</string>
				<key>GCC_WARN_ABOUT_RETURN_TYPE</key>
				<string>YES_ERROR</string>
				<key>GCC_WARN_UNDECLARED_SELECTOR</key>
				<string>YES</string>
				<key>GCC_WARN_UNINITIALIZED_AUTOS</key>
				<string>YES_AGGRESSIVE</string>
				<key>GCC_WARN_UNUSED_FUNCTION</key>
				<string>YES</string>
				<key>GCC_WARN_UNUSED_VARIABLE</key>
				<string>YES</string>
				<key>IPHONEOS_DEPLOYMENT_TARGET</key>
				<string>10.0</string>
				<key>MTL_ENABLE_DEBUG_INFO</key>
				<string>NO</string>
				<key>SDKROOT</key>
				<string>iphoneos</string>
				<key>SWIFT_OPTIMIZATION_LEVEL</key>
				<string>-Owholemodule</string>
				<key>TARGETED_DEVICE_FAMILY</key>
				<string>1,2</string>
				<key>VALIDATE_PRODUCT</key>
				<string>YES</string>
			</dict>
			<key>isa</key>
			<string>XCBuildConfiguration</string>
			<key>name</key>
			<string>Release</string>
		</dict>
		<key>0FCF01941CFA10E200924868</key>
		<dict>
			<key>buildConfigurations</key>
			<array>
				<string>0FCF01951CFA10E200924868</string>
				<string>0FCF01961CFA10E200924868</string>
			</array>
			<key>defaultConfigurationIsVisible</key>
			<string>0</string>
			<key>defaultConfigurationName</key>
			<string>Release</string>
			<key>isa</key>
			<string>XCConfigurationList</string>
		</dict>
		<key>0FCF01951CFA10E200924868</key>
		<dict>
			<key>buildSettings</key>
			<dict>
				<key>ASSETCATALOG_COMPILER_APPICON_NAME</key>
				<string>AppIcon</string>
				<key>CODE_SIGN_IDENTITY</key>
				<string>iPhone Developer</string>
				<key>CODE_SIGN_IDENTITY[sdk=iphoneos*]</key>
				<string>iPhone Developer</string>
				<key>INFOPLIST_FILE</key>
				<string>MobileTTDC/Core/Info.plist</string>
				<key>LD_RUNPATH_SEARCH_PATHS</key>
				<string>$(inherited) @executable_path/Frameworks</string>
				<key>PRODUCT_BUNDLE_IDENTIFIER</key>
				<string>us.ttdc.MobileTTDC</string>
				<key>PRODUCT_NAME</key>
				<string>$(TARGET_NAME)</string>
				<key>PROVISIONING_PROFILE</key>
				<string></string>
				<key>SWIFT_VERSION</key>
				<string>3.0</string>
			</dict>
			<key>isa</key>
			<string>XCBuildConfiguration</string>
			<key>name</key>
			<string>Debug</string>
		</dict>
		<key>0FCF01961CFA10E200924868</key>
		<dict>
			<key>buildSettings</key>
			<dict>
				<key>ASSETCATALOG_COMPILER_APPICON_NAME</key>
				<string>AppIcon</string>
				<key>CODE_SIGN_IDENTITY</key>
				<string>iPhone Developer</string>
				<key>CODE_SIGN_IDENTITY[sdk=iphoneos*]</key>
				<string>iPhone Developer</string>
				<key>INFOPLIST_FILE</key>
				<string>MobileTTDC/Core/Info.plist</string>
				<key>LD_RUNPATH_SEARCH_PATHS</key>
				<string>$(inherited) @executable_path/Frameworks</string>
				<key>PRODUCT_BUNDLE_IDENTIFIER</key>
				<string>us.ttdc.MobileTTDC</string>
				<key>PRODUCT_NAME</key>
				<string>$(TARGET_NAME)</string>
				<key>PROVISIONING_PROFILE</key>
				<string></string>
				<key>SWIFT_VERSION</key>
				<string>3.0</string>
			</dict>
			<key>isa</key>
			<string>XCBuildConfiguration</string>
			<key>name</key>
			<string>Release</string>
		</dict>
		<key>0FD00B7F1DC9372C001F555A</key>
		<dict>
			<key>fileEncoding</key>
			<string>4</string>
			<key>isa</key>
			<string>PBXFileReference</string>
			<key>lastKnownFileType</key>
			<string>sourcecode.swift</string>
			<key>path</key>
			<string>ReviewPostCollectionViewCell.swift</string>
			<key>sourceTree</key>
			<string>&lt;group&gt;</string>
		</dict>
		<key>0FD00B801DC9372C001F555A</key>
		<dict>
			<key>fileEncoding</key>
			<string>4</string>
			<key>isa</key>
			<string>PBXFileReference</string>
			<key>lastKnownFileType</key>
			<string>file.xib</string>
			<key>path</key>
			<string>ReviewPostCollectionViewCell.xib</string>
			<key>sourceTree</key>
			<string>&lt;group&gt;</string>
		</dict>
		<key>0FD00B811DC9372C001F555A</key>
		<dict>
			<key>fileRef</key>
			<string>0FD00B7F1DC9372C001F555A</string>
			<key>isa</key>
			<string>PBXBuildFile</string>
		</dict>
		<key>0FD00B821DC9372C001F555A</key>
		<dict>
			<key>fileRef</key>
			<string>0FD00B801DC9372C001F555A</string>
			<key>isa</key>
			<string>PBXBuildFile</string>
		</dict>
		<key>0FD0A32B1D0CAD0E0030D36F</key>
		<dict>
			<key>fileEncoding</key>
			<string>4</string>
			<key>isa</key>
			<string>PBXFileReference</string>
			<key>lastKnownFileType</key>
			<string>sourcecode.swift</string>
			<key>path</key>
			<string>SearchCommand.swift</string>
			<key>sourceTree</key>
			<string>&lt;group&gt;</string>
		</dict>
		<key>0FD0A32C1D0CAD0E0030D36F</key>
		<dict>
			<key>fileRef</key>
			<string>0FD0A32B1D0CAD0E0030D36F</string>
			<key>isa</key>
			<string>PBXBuildFile</string>
		</dict>
		<key>0FD0A32D1D0CB0050030D36F</key>
		<dict>
			<key>fileEncoding</key>
			<string>4</string>
			<key>isa</key>
			<string>PBXFileReference</string>
			<key>lastKnownFileType</key>
			<string>sourcecode.swift</string>
			<key>path</key>
			<string>SearchResponse.swift</string>
			<key>sourceTree</key>
			<string>&lt;group&gt;</string>
		</dict>
		<key>0FD0A32E1D0CB0050030D36F</key>
		<dict>
			<key>fileRef</key>
			<string>0FD0A32D1D0CB0050030D36F</string>
			<key>isa</key>
			<string>PBXBuildFile</string>
		</dict>
		<key>0FD0A33B1D0DF4140030D36F</key>
		<dict>
			<key>fileEncoding</key>
			<string>4</string>
			<key>isa</key>
			<string>PBXFileReference</string>
			<key>lastKnownFileType</key>
			<string>sourcecode.swift</string>
			<key>path</key>
			<string>ReuseIdentifiers.swift</string>
			<key>sourceTree</key>
			<string>&lt;group&gt;</string>
		</dict>
		<key>0FD0A33C1D0DF4140030D36F</key>
		<dict>
			<key>fileRef</key>
			<string>0FD0A33B1D0DF4140030D36F</string>
			<key>isa</key>
			<string>PBXBuildFile</string>
		</dict>
		<key>0FD0A33D1D0DFDD80030D36F</key>
		<dict>
			<key>fileEncoding</key>
			<string>4</string>
			<key>isa</key>
			<string>PBXFileReference</string>
			<key>lastKnownFileType</key>
			<string>sourcecode.swift</string>
			<key>path</key>
			<string>TopicCommand.swift</string>
			<key>sourceTree</key>
			<string>&lt;group&gt;</string>
		</dict>
		<key>0FD0A33E1D0DFDD80030D36F</key>
		<dict>
			<key>fileRef</key>
			<string>0FD0A33D1D0DFDD80030D36F</string>
			<key>isa</key>
			<string>PBXBuildFile</string>
		</dict>
		<key>0FD0A33F1D0DFE980030D36F</key>
		<dict>
			<key>fileEncoding</key>
			<string>4</string>
			<key>isa</key>
			<string>PBXFileReference</string>
			<key>lastKnownFileType</key>
			<string>sourcecode.swift</string>
			<key>path</key>
			<string>TopicResponse.swift</string>
			<key>sourceTree</key>
			<string>&lt;group&gt;</string>
		</dict>
		<key>0FD0A3401D0DFE980030D36F</key>
		<dict>
			<key>fileRef</key>
			<string>0FD0A33F1D0DFE980030D36F</string>
			<key>isa</key>
			<string>PBXBuildFile</string>
		</dict>
		<key>0FD597671D316CD500CAE7FF</key>
		<dict>
			<key>fileEncoding</key>
			<string>4</string>
			<key>isa</key>
			<string>PBXFileReference</string>
			<key>lastKnownFileType</key>
			<string>sourcecode.swift</string>
			<key>path</key>
			<string>AutoCompleteTableViewCell.swift</string>
			<key>sourceTree</key>
			<string>&lt;group&gt;</string>
		</dict>
		<key>0FD597681D316CD500CAE7FF</key>
		<dict>
			<key>fileEncoding</key>
			<string>4</string>
			<key>isa</key>
			<string>PBXFileReference</string>
			<key>lastKnownFileType</key>
			<string>file.xib</string>
			<key>path</key>
			<string>AutoCompleteTableViewCell.xib</string>
			<key>sourceTree</key>
			<string>&lt;group&gt;</string>
		</dict>
		<key>0FD597691D316CD500CAE7FF</key>
		<dict>
			<key>fileRef</key>
			<string>0FD597671D316CD500CAE7FF</string>
			<key>isa</key>
			<string>PBXBuildFile</string>
		</dict>
		<key>0FD5976A1D316CD500CAE7FF</key>
		<dict>
			<key>fileRef</key>
			<string>0FD597681D316CD500CAE7FF</string>
			<key>isa</key>
			<string>PBXBuildFile</string>
		</dict>
		<key>0FDA6A221DC7C75A00279596</key>
		<dict>
			<key>fileEncoding</key>
			<string>4</string>
			<key>isa</key>
			<string>PBXFileReference</string>
			<key>lastKnownFileType</key>
			<string>sourcecode.swift</string>
			<key>path</key>
			<string>NavigationViewController.swift</string>
			<key>sourceTree</key>
			<string>&lt;group&gt;</string>
		</dict>
		<key>0FDA6A231DC7C75A00279596</key>
		<dict>
			<key>fileRef</key>
			<string>0FDA6A221DC7C75A00279596</string>
			<key>isa</key>
			<string>PBXBuildFile</string>
		</dict>
		<key>0FE5271D1CFB654300407AAE</key>
		<dict>
			<key>fileEncoding</key>
			<string>4</string>
			<key>isa</key>
			<string>PBXFileReference</string>
			<key>lastKnownFileType</key>
			<string>sourcecode.swift</string>
			<key>path</key>
			<string>LoginCommand.swift</string>
			<key>sourceTree</key>
			<string>&lt;group&gt;</string>
		</dict>
		<key>0FE5271E1CFB654300407AAE</key>
		<dict>
			<key>fileEncoding</key>
			<string>4</string>
			<key>isa</key>
			<string>PBXFileReference</string>
			<key>lastKnownFileType</key>
			<string>sourcecode.swift</string>
			<key>path</key>
			<string>LoginResponse.swift</string>
			<key>sourceTree</key>
			<string>&lt;group&gt;</string>
		</dict>
		<key>0FE5271F1CFB654300407AAE</key>
		<dict>
			<key>fileEncoding</key>
			<string>4</string>
			<key>isa</key>
			<string>PBXFileReference</string>
			<key>lastKnownFileType</key>
			<string>sourcecode.swift</string>
			<key>path</key>
			<string>NetworkAdapter.swift</string>
			<key>sourceTree</key>
			<string>&lt;group&gt;</string>
		</dict>
		<key>0FE527201CFB654300407AAE</key>
		<dict>
			<key>fileEncoding</key>
			<string>4</string>
			<key>isa</key>
			<string>PBXFileReference</string>
			<key>lastKnownFileType</key>
			<string>sourcecode.swift</string>
			<key>path</key>
			<string>Person.swift</string>
			<key>sourceTree</key>
			<string>&lt;group&gt;</string>
		</dict>
		<key>0FE527211CFB654300407AAE</key>
		<dict>
			<key>fileRef</key>
			<string>0FE5271D1CFB654300407AAE</string>
			<key>isa</key>
			<string>PBXBuildFile</string>
		</dict>
		<key>0FE527221CFB654300407AAE</key>
		<dict>
			<key>fileRef</key>
			<string>0FE5271E1CFB654300407AAE</string>
			<key>isa</key>
			<string>PBXBuildFile</string>
		</dict>
		<key>0FE527231CFB654300407AAE</key>
		<dict>
			<key>fileRef</key>
			<string>0FE5271F1CFB654300407AAE</string>
			<key>isa</key>
			<string>PBXBuildFile</string>
		</dict>
		<key>0FE527241CFB654300407AAE</key>
		<dict>
			<key>fileRef</key>
			<string>0FE527201CFB654300407AAE</string>
			<key>isa</key>
			<string>PBXBuildFile</string>
		</dict>
		<key>0FE527251CFB656200407AAE</key>
		<dict>
			<key>children</key>
			<array>
				<string>0F15F0041DF151BC00EECF87</string>
				<string>0FB2F4991CFFAA8D008F386A</string>
				<string>0F15F0001DF13C7E00EECF87</string>
				<string>0FE5273B1CFCA27E00407AAE</string>
				<string>0FE5271F1CFB654300407AAE</string>
				<string>0F15F0021DF148CD00EECF87</string>
			</array>
			<key>isa</key>
			<string>PBXGroup</string>
			<key>path</key>
			<string>Network</string>
			<key>sourceTree</key>
			<string>&lt;group&gt;</string>
		</dict>
		<key>0FE527261CFB65EB00407AAE</key>
		<dict>
			<key>fileEncoding</key>
			<string>4</string>
			<key>isa</key>
			<string>PBXFileReference</string>
			<key>lastKnownFileType</key>
			<string>sourcecode.swift</string>
			<key>path</key>
			<string>Decoder.swift</string>
			<key>sourceTree</key>
			<string>&lt;group&gt;</string>
		</dict>
		<key>0FE527271CFB65EB00407AAE</key>
		<dict>
			<key>fileEncoding</key>
			<string>4</string>
			<key>isa</key>
			<string>PBXFileReference</string>
			<key>lastKnownFileType</key>
			<string>sourcecode.swift</string>
			<key>path</key>
			<string>Encoder.swift</string>
			<key>sourceTree</key>
			<string>&lt;group&gt;</string>
		</dict>
		<key>0FE527281CFB65EB00407AAE</key>
		<dict>
			<key>fileEncoding</key>
			<string>4</string>
			<key>isa</key>
			<string>PBXFileReference</string>
			<key>lastKnownFileType</key>
			<string>sourcecode.swift</string>
			<key>path</key>
			<string>ExtensionArray.swift</string>
			<key>sourceTree</key>
			<string>&lt;group&gt;</string>
		</dict>
		<key>0FE527291CFB65EB00407AAE</key>
		<dict>
			<key>fileEncoding</key>
			<string>4</string>
			<key>isa</key>
			<string>PBXFileReference</string>
			<key>lastKnownFileType</key>
			<string>sourcecode.swift</string>
			<key>path</key>
			<string>ExtensionDictionary.swift</string>
			<key>sourceTree</key>
			<string>&lt;group&gt;</string>
		</dict>
		<key>0FE5272A1CFB65EB00407AAE</key>
		<dict>
			<key>fileEncoding</key>
			<string>4</string>
			<key>isa</key>
			<string>PBXFileReference</string>
			<key>lastKnownFileType</key>
			<string>sourcecode.c.h</string>
			<key>path</key>
			<string>Gloss.h</string>
			<key>sourceTree</key>
			<string>&lt;group&gt;</string>
		</dict>
		<key>0FE5272B1CFB65EB00407AAE</key>
		<dict>
			<key>fileEncoding</key>
			<string>4</string>
			<key>isa</key>
			<string>PBXFileReference</string>
			<key>lastKnownFileType</key>
			<string>sourcecode.swift</string>
			<key>path</key>
			<string>Gloss.swift</string>
			<key>sourceTree</key>
			<string>&lt;group&gt;</string>
		</dict>
		<key>0FE5272C1CFB65EB00407AAE</key>
		<dict>
			<key>fileEncoding</key>
			<string>4</string>
			<key>isa</key>
			<string>PBXFileReference</string>
			<key>lastKnownFileType</key>
			<string>sourcecode.swift</string>
			<key>path</key>
			<string>Operators.swift</string>
			<key>sourceTree</key>
			<string>&lt;group&gt;</string>
		</dict>
		<key>0FE5272D1CFB65EB00407AAE</key>
		<dict>
			<key>fileRef</key>
			<string>0FE527261CFB65EB00407AAE</string>
			<key>isa</key>
			<string>PBXBuildFile</string>
		</dict>
		<key>0FE5272E1CFB65EB00407AAE</key>
		<dict>
			<key>fileRef</key>
			<string>0FE527271CFB65EB00407AAE</string>
			<key>isa</key>
			<string>PBXBuildFile</string>
		</dict>
		<key>0FE5272F1CFB65EB00407AAE</key>
		<dict>
			<key>fileRef</key>
			<string>0FE527281CFB65EB00407AAE</string>
			<key>isa</key>
			<string>PBXBuildFile</string>
		</dict>
		<key>0FE527301CFB65EB00407AAE</key>
		<dict>
			<key>fileRef</key>
			<string>0FE527291CFB65EB00407AAE</string>
			<key>isa</key>
			<string>PBXBuildFile</string>
		</dict>
		<key>0FE527311CFB65EB00407AAE</key>
		<dict>
			<key>fileRef</key>
			<string>0FE5272B1CFB65EB00407AAE</string>
			<key>isa</key>
			<string>PBXBuildFile</string>
		</dict>
		<key>0FE527321CFB65EB00407AAE</key>
		<dict>
			<key>fileRef</key>
			<string>0FE5272C1CFB65EB00407AAE</string>
			<key>isa</key>
			<string>PBXBuildFile</string>
		</dict>
		<key>0FE527331CFB65F100407AAE</key>
		<dict>
			<key>children</key>
			<array>
				<string>0FE527261CFB65EB00407AAE</string>
				<string>0FE527271CFB65EB00407AAE</string>
				<string>0FE527281CFB65EB00407AAE</string>
				<string>0FE527291CFB65EB00407AAE</string>
				<string>0FE5272A1CFB65EB00407AAE</string>
				<string>0FE5272B1CFB65EB00407AAE</string>
				<string>0FE5272C1CFB65EB00407AAE</string>
			</array>
			<key>isa</key>
			<string>PBXGroup</string>
			<key>path</key>
			<string>Gloss</string>
			<key>sourceTree</key>
			<string>&lt;group&gt;</string>
		</dict>
		<key>0FE527341CFB65FA00407AAE</key>
		<dict>
			<key>children</key>
			<array>
				<string>0FE527331CFB65F100407AAE</string>
				<string>0F7D75661DE37D9F009ED635</string>
			</array>
			<key>isa</key>
			<string>PBXGroup</string>
			<key>path</key>
			<string>Libraries</string>
			<key>sourceTree</key>
			<string>&lt;group&gt;</string>
		</dict>
		<key>0FE527391CFC9FB800407AAE</key>
		<dict>
			<key>fileEncoding</key>
			<string>4</string>
			<key>isa</key>
			<string>PBXFileReference</string>
			<key>lastKnownFileType</key>
			<string>sourcecode.swift</string>
			<key>path</key>
			<string>Command.swift</string>
			<key>sourceTree</key>
			<string>&lt;group&gt;</string>
		</dict>
		<key>0FE5273A1CFC9FB800407AAE</key>
		<dict>
			<key>fileRef</key>
			<string>0FE527391CFC9FB800407AAE</string>
			<key>isa</key>
			<string>PBXBuildFile</string>
		</dict>
		<key>0FE5273B1CFCA27E00407AAE</key>
		<dict>
			<key>fileEncoding</key>
			<string>4</string>
			<key>isa</key>
			<string>PBXFileReference</string>
			<key>lastKnownFileType</key>
			<string>sourcecode.swift</string>
			<key>path</key>
			<string>Network.swift</string>
			<key>sourceTree</key>
			<string>&lt;group&gt;</string>
		</dict>
		<key>0FE5273C1CFCA27E00407AAE</key>
		<dict>
			<key>fileRef</key>
			<string>0FE5273B1CFCA27E00407AAE</string>
			<key>isa</key>
			<string>PBXBuildFile</string>
		</dict>
		<key>0FE5273D1CFD058700407AAE</key>
		<dict>
			<key>fileEncoding</key>
			<string>4</string>
			<key>isa</key>
			<string>PBXFileReference</string>
			<key>lastKnownFileType</key>
			<string>sourcecode.swift</string>
			<key>path</key>
			<string>PostResponse.swift</string>
			<key>sourceTree</key>
			<string>&lt;group&gt;</string>
		</dict>
		<key>0FE5273E1CFD058700407AAE</key>
		<dict>
			<key>fileRef</key>
			<string>0FE5273D1CFD058700407AAE</string>
			<key>isa</key>
			<string>PBXBuildFile</string>
		</dict>
		<key>0FE5273F1CFD05AE00407AAE</key>
		<dict>
			<key>fileEncoding</key>
			<string>4</string>
			<key>isa</key>
			<string>PBXFileReference</string>
			<key>lastKnownFileType</key>
			<string>sourcecode.swift</string>
			<key>path</key>
			<string>PostCommand.swift</string>
			<key>sourceTree</key>
			<string>&lt;group&gt;</string>
		</dict>
		<key>0FE527401CFD05AE00407AAE</key>
		<dict>
			<key>fileRef</key>
			<string>0FE5273F1CFD05AE00407AAE</string>
			<key>isa</key>
			<string>PBXBuildFile</string>
		</dict>
		<key>0FE527431CFD0E1E00407AAE</key>
		<dict>
			<key>fileEncoding</key>
			<string>4</string>
			<key>isa</key>
			<string>PBXFileReference</string>
			<key>lastKnownFileType</key>
			<string>sourcecode.swift</string>
			<key>path</key>
			<string>Post.swift</string>
			<key>sourceTree</key>
			<string>&lt;group&gt;</string>
		</dict>
		<key>0FE527441CFD0E1E00407AAE</key>
		<dict>
			<key>fileRef</key>
			<string>0FE527431CFD0E1E00407AAE</string>
			<key>isa</key>
			<string>PBXBuildFile</string>
		</dict>
		<key>0FF4ED861DCAF9B800BE4CF4</key>
		<dict>
			<key>fileEncoding</key>
			<string>4</string>
			<key>isa</key>
			<string>PBXFileReference</string>
			<key>lastKnownFileType</key>
			<string>sourcecode.swift</string>
			<key>path</key>
			<string>StarRatingView.swift</string>
			<key>sourceTree</key>
			<string>&lt;group&gt;</string>
		</dict>
		<key>0FF4ED871DCAF9B800BE4CF4</key>
		<dict>
			<key>fileRef</key>
			<string>0FF4ED861DCAF9B800BE4CF4</string>
			<key>isa</key>
			<string>PBXBuildFile</string>
		</dict>
		<key>0FF4ED881DCBD26400BE4CF4</key>
		<dict>
			<key>fileEncoding</key>
			<string>4</string>
			<key>isa</key>
			<string>PBXFileReference</string>
			<key>lastKnownFileType</key>
			<string>sourcecode.swift</string>
			<key>path</key>
			<string>MovieReviewSubView.swift</string>
			<key>sourceTree</key>
			<string>&lt;group&gt;</string>
		</dict>
		<key>0FF4ED891DCBD26400BE4CF4</key>
		<dict>
			<key>fileRef</key>
			<string>0FF4ED881DCBD26400BE4CF4</string>
			<key>isa</key>
			<string>PBXBuildFile</string>
		</dict>
		<key>0FF4ED8A1DCBE1A900BE4CF4</key>
		<dict>
			<key>fileEncoding</key>
			<string>4</string>
			<key>isa</key>
			<string>PBXFileReference</string>
			<key>lastKnownFileType</key>
			<string>file.xib</string>
			<key>path</key>
			<string>MovieReviewSubView.xib</string>
			<key>sourceTree</key>
			<string>&lt;group&gt;</string>
		</dict>
		<key>0FF4ED8B1DCBE1AA00BE4CF4</key>
		<dict>
			<key>fileRef</key>
			<string>0FF4ED8A1DCBE1A900BE4CF4</string>
			<key>isa</key>
			<string>PBXBuildFile</string>
		</dict>
		<key>0FF4ED8C1DCBE44400BE4CF4</key>
		<dict>
			<key>fileEncoding</key>
			<string>4</string>
			<key>isa</key>
			<string>PBXFileReference</string>
			<key>lastKnownFileType</key>
			<string>sourcecode.swift</string>
			<key>path</key>
			<string>UIView+Nib.swift</string>
			<key>sourceTree</key>
			<string>&lt;group&gt;</string>
		</dict>
		<key>0FF4ED8D1DCBE44400BE4CF4</key>
		<dict>
			<key>fileRef</key>
			<string>0FF4ED8C1DCBE44400BE4CF4</string>
			<key>isa</key>
			<string>PBXBuildFile</string>
		</dict>
		<key>0FF630941DFB77C100DD3DD2</key>
		<dict>
			<key>children</key>
			<array>
				<string>0F0F69B71D383730009600F7</string>
				<string>0FCC10821D2AC51A00EA0B25</string>
				<string>0F0F69AB1D319DAF009600F7</string>
				<string>0F0F69C91D3C9863009600F7</string>
				<string>0F0F69C11D3ADCB7009600F7</string>
				<string>0F0F69BF1D3ADB5D009600F7</string>
			</array>
			<key>isa</key>
			<string>PBXGroup</string>
			<key>path</key>
			<string>Controllers</string>
			<key>sourceTree</key>
			<string>&lt;group&gt;</string>
		</dict>
		<key>0FF630951DFB78AE00DD3DD2</key>
		<dict>
			<key>children</key>
			<array>
				<string>0F15F0061DF3682A00EECF87</string>
				<string>0F888A6D1D1DDD9F005F960A</string>
			</array>
			<key>isa</key>
			<string>PBXGroup</string>
			<key>path</key>
			<string>Latest Posts</string>
			<key>sourceTree</key>
			<string>&lt;group&gt;</string>
		</dict>
		<key>0FF630961DFB78EA00DD3DD2</key>
		<dict>
			<key>children</key>
			<array>
				<string>0F76A8791CFA165D00BDD499</string>
			</array>
			<key>isa</key>
			<string>PBXGroup</string>
			<key>path</key>
			<string>Login</string>
			<key>sourceTree</key>
			<string>&lt;group&gt;</string>
		</dict>
		<key>0FF630971DFB795D00DD3DD2</key>
		<dict>
			<key>children</key>
			<array>
				<string>0FCC10841D2AC52500EA0B25</string>
				<string>0FF630951DFB78AE00DD3DD2</string>
				<string>0FF630961DFB78EA00DD3DD2</string>
				<string>0F3CEABB1DC6F9B5003CD432</string>
				<string>0F83CF3F1D734C03001A7F8F</string>
				<string>0FA3F2431DB982CD00268DC1</string>
				<string>0FF896641D73707A007813F7</string>
			</array>
			<key>isa</key>
			<string>PBXGroup</string>
			<key>path</key>
			<string>Features</string>
			<key>sourceTree</key>
			<string>&lt;group&gt;</string>
		</dict>
		<key>0FF630981DFB79E500DD3DD2</key>
		<dict>
			<key>children</key>
			<array>
				<string>0F6597631DF6AF4F001E7DF1</string>
				<string>0F2B8CB81DCF1FE800BD62C6</string>
				<string>0F2B8CB91DCF1FE800BD62C6</string>
				<string>0F0997B31DC90EFB001991E2</string>
				<string>0F0997B41DC90EFB001991E2</string>
				<string>0FF4ED881DCBD26400BE4CF4</string>
				<string>0FF4ED8A1DCBE1A900BE4CF4</string>
				<string>0FA3F25C1DBBC7EA00268DC1</string>
				<string>0FA3F25D1DBBC7EA00268DC1</string>
				<string>0F7A580A1DE2B8DE00E52B55</string>
				<string>0FA3F2601DBBC7FE00268DC1</string>
				<string>0FA3F2611DBBC7FE00268DC1</string>
				<string>0FD00B7F1DC9372C001F555A</string>
				<string>0FD00B801DC9372C001F555A</string>
				<string>0F2B8CB41DCE7F4800BD62C6</string>
				<string>0F2B8CB51DCE7F4800BD62C6</string>
			</array>
			<key>isa</key>
			<string>PBXGroup</string>
			<key>path</key>
			<string>Cells</string>
			<key>sourceTree</key>
			<string>&lt;group&gt;</string>
		</dict>
		<key>0FF630991DFB889900DD3DD2</key>
		<dict>
			<key>fileEncoding</key>
			<string>4</string>
			<key>isa</key>
			<string>PBXFileReference</string>
			<key>lastKnownFileType</key>
			<string>sourcecode.swift</string>
			<key>path</key>
			<string>SplashViewController.swift</string>
			<key>sourceTree</key>
			<string>&lt;group&gt;</string>
		</dict>
		<key>0FF6309B1DFB889900DD3DD2</key>
		<dict>
			<key>fileRef</key>
			<string>0FF630991DFB889900DD3DD2</string>
			<key>isa</key>
			<string>PBXBuildFile</string>
		</dict>
		<key>0FF6309D1DFB8B4C00DD3DD2</key>
		<dict>
			<key>fileEncoding</key>
			<string>4</string>
			<key>isa</key>
			<string>PBXFileReference</string>
			<key>lastKnownFileType</key>
			<string>file.storyboard</string>
			<key>path</key>
			<string>Spash.storyboard</string>
			<key>sourceTree</key>
			<string>&lt;group&gt;</string>
		</dict>
		<key>0FF6309E1DFB8B4C00DD3DD2</key>
		<dict>
			<key>fileRef</key>
			<string>0FF6309D1DFB8B4C00DD3DD2</string>
			<key>isa</key>
			<string>PBXBuildFile</string>
		</dict>
		<key>0FF896621D736F60007813F7</key>
		<dict>
			<key>fileEncoding</key>
			<string>4</string>
			<key>isa</key>
			<string>PBXFileReference</string>
			<key>lastKnownFileType</key>
			<string>sourcecode.swift</string>
			<key>path</key>
			<string>ThreadViewController.swift</string>
			<key>sourceTree</key>
			<string>&lt;group&gt;</string>
		</dict>
		<key>0FF896631D736F60007813F7</key>
		<dict>
			<key>fileRef</key>
			<string>0FF896621D736F60007813F7</string>
			<key>isa</key>
			<string>PBXBuildFile</string>
		</dict>
		<key>0FF896641D73707A007813F7</key>
		<dict>
			<key>children</key>
			<array>
				<string>0FF896651D737096007813F7</string>
				<string>0FF896621D736F60007813F7</string>
			</array>
			<key>isa</key>
			<string>PBXGroup</string>
			<key>path</key>
			<string>Thread</string>
			<key>sourceTree</key>
			<string>&lt;group&gt;</string>
		</dict>
		<key>0FF896651D737096007813F7</key>
		<dict>
			<key>fileEncoding</key>
			<string>4</string>
			<key>isa</key>
			<string>PBXFileReference</string>
			<key>lastKnownFileType</key>
			<string>file.storyboard</string>
			<key>path</key>
			<string>Thread.storyboard</string>
			<key>sourceTree</key>
			<string>&lt;group&gt;</string>
		</dict>
		<key>0FF896661D737096007813F7</key>
		<dict>
			<key>fileRef</key>
			<string>0FF896651D737096007813F7</string>
			<key>isa</key>
			<string>PBXBuildFile</string>
		</dict>
		<key>0FF896671D73767A007813F7</key>
		<dict>
			<key>fileEncoding</key>
			<string>4</string>
			<key>isa</key>
			<string>PBXFileReference</string>
			<key>lastKnownFileType</key>
			<string>sourcecode.swift</string>
			<key>path</key>
			<string>AutoCompleteCollectionViewCell.swift</string>
			<key>sourceTree</key>
			<string>&lt;group&gt;</string>
		</dict>
		<key>0FF896681D73767A007813F7</key>
		<dict>
			<key>fileEncoding</key>
			<string>4</string>
			<key>isa</key>
			<string>PBXFileReference</string>
			<key>lastKnownFileType</key>
			<string>file.xib</string>
			<key>path</key>
			<string>AutoCompleteCollectionViewCell.xib</string>
			<key>sourceTree</key>
			<string>&lt;group&gt;</string>
		</dict>
		<key>0FF896691D73767A007813F7</key>
		<dict>
			<key>fileRef</key>
			<string>0FF896671D73767A007813F7</string>
			<key>isa</key>
			<string>PBXBuildFile</string>
		</dict>
		<key>0FF8966A1D73767A007813F7</key>
		<dict>
			<key>fileRef</key>
			<string>0FF896681D73767A007813F7</string>
			<key>isa</key>
			<string>PBXBuildFile</string>
		</dict>
	</dict>
	<key>rootObject</key>
	<string>0FCF01781CFA10E100924868</string>
</dict>
</plist>
