// !$*UTF8*$!
{
	archiveVersion = 1;
	classes = {
	};
	objectVersion = 46;
	objects = {

/* Begin PBXBuildFile section */
		0F76A87A1CFA165D00BDD499 /* LoginViewController.swift in Sources */ = {isa = PBXBuildFile; fileRef = 0F76A8791CFA165D00BDD499 /* LoginViewController.swift */; };
		0F76A87C1CFA16C300BDD499 /* ForumViewController.swift in Sources */ = {isa = PBXBuildFile; fileRef = 0F76A87B1CFA16C300BDD499 /* ForumViewController.swift */; };
		0F76A87E1CFA1C9400BDD499 /* ProfileViewController.swift in Sources */ = {isa = PBXBuildFile; fileRef = 0F76A87D1CFA1C9400BDD499 /* ProfileViewController.swift */; };
		0F9E08FE1D14BB62006676C1 /* ConverstionSplitViewController.swift in Sources */ = {isa = PBXBuildFile; fileRef = 0F9E08FD1D14BB62006676C1 /* ConverstionSplitViewController.swift */; };
		0F9E09021D15A83E006676C1 /* PostDetailViewController.swift in Sources */ = {isa = PBXBuildFile; fileRef = 0F9E09011D15A83E006676C1 /* PostDetailViewController.swift */; };
		0F9E09051D15D5D4006676C1 /* PostInHeaderCollectionReusableView.swift in Sources */ = {isa = PBXBuildFile; fileRef = 0F9E09031D15D5D4006676C1 /* PostInHeaderCollectionReusableView.swift */; };
		0F9E09061D15D5D4006676C1 /* PostInHeaderCollectionReusableView.xib in Resources */ = {isa = PBXBuildFile; fileRef = 0F9E09041D15D5D4006676C1 /* PostInHeaderCollectionReusableView.xib */; };
		0FB2F4941CFF9C77008F386A /* NSDate+Gloss.swift in Sources */ = {isa = PBXBuildFile; fileRef = 0FB2F4931CFF9C77008F386A /* NSDate+Gloss.swift */; };
		0FB2F4961CFFA0E5008F386A /* Entry.swift in Sources */ = {isa = PBXBuildFile; fileRef = 0FB2F4951CFFA0E5008F386A /* Entry.swift */; };
		0FB2F4981CFFA8FC008F386A /* Image.swift in Sources */ = {isa = PBXBuildFile; fileRef = 0FB2F4971CFFA8FC008F386A /* Image.swift */; };
		0FB2F4A41D033C24008F386A /* FlatCollectionViewCell.swift in Sources */ = {isa = PBXBuildFile; fileRef = 0FB2F4A21D033C24008F386A /* FlatCollectionViewCell.swift */; };
		0FB2F4A51D033C24008F386A /* FlatCollectionViewCell.xib in Resources */ = {isa = PBXBuildFile; fileRef = 0FB2F4A31D033C24008F386A /* FlatCollectionViewCell.xib */; };
		0FB2F4A71D035B4A008F386A /* Utilities.swift in Sources */ = {isa = PBXBuildFile; fileRef = 0FB2F4A61D035B4A008F386A /* Utilities.swift */; };
		0FB2F4A91D035E34008F386A /* UIImageView+WebLoad.swift in Sources */ = {isa = PBXBuildFile; fileRef = 0FB2F4A81D035E34008F386A /* UIImageView+WebLoad.swift */; };
		0FB2F4AB1D037008008F386A /* UIView+Utillities.swift in Sources */ = {isa = PBXBuildFile; fileRef = 0FB2F4AA1D037008008F386A /* UIView+Utillities.swift */; };
		0FCF01841CFA10E200924868 /* AppDelegate.swift in Sources */ = {isa = PBXBuildFile; fileRef = 0FCF01831CFA10E200924868 /* AppDelegate.swift */; };
		0FCF018B1CFA10E200924868 /* Main.storyboard in Resources */ = {isa = PBXBuildFile; fileRef = 0FCF01891CFA10E200924868 /* Main.storyboard */; };
		0FCF018D1CFA10E200924868 /* Assets.xcassets in Resources */ = {isa = PBXBuildFile; fileRef = 0FCF018C1CFA10E200924868 /* Assets.xcassets */; };
		0FCF01901CFA10E200924868 /* LaunchScreen.storyboard in Resources */ = {isa = PBXBuildFile; fileRef = 0FCF018E1CFA10E200924868 /* LaunchScreen.storyboard */; };
		0FD0A3221D0CA2530030D36F /* ConversationsViewController.swift in Sources */ = {isa = PBXBuildFile; fileRef = 0FD0A3211D0CA2530030D36F /* ConversationsViewController.swift */; };
		0FD0A3291D0CAA140030D36F /* ConversationCollectionViewCell.swift in Sources */ = {isa = PBXBuildFile; fileRef = 0FD0A3271D0CAA140030D36F /* ConversationCollectionViewCell.swift */; };
		0FD0A32A1D0CAA140030D36F /* ConversationCollectionViewCell.xib in Resources */ = {isa = PBXBuildFile; fileRef = 0FD0A3281D0CAA140030D36F /* ConversationCollectionViewCell.xib */; };
		0FD0A32C1D0CAD0E0030D36F /* SearchCommand.swift in Sources */ = {isa = PBXBuildFile; fileRef = 0FD0A32B1D0CAD0E0030D36F /* SearchCommand.swift */; };
		0FD0A32E1D0CB0050030D36F /* SearchResponse.swift in Sources */ = {isa = PBXBuildFile; fileRef = 0FD0A32D1D0CB0050030D36F /* SearchResponse.swift */; };
		0FD0A3391D0DF0160030D36F /* ReplyCollectionViewCell.swift in Sources */ = {isa = PBXBuildFile; fileRef = 0FD0A3371D0DF0160030D36F /* ReplyCollectionViewCell.swift */; };
		0FD0A33A1D0DF0160030D36F /* ReplyCollectionViewCell.xib in Resources */ = {isa = PBXBuildFile; fileRef = 0FD0A3381D0DF0160030D36F /* ReplyCollectionViewCell.xib */; };
		0FD0A33C1D0DF4140030D36F /* ReuseIdentifiers.swift in Sources */ = {isa = PBXBuildFile; fileRef = 0FD0A33B1D0DF4140030D36F /* ReuseIdentifiers.swift */; };
		0FD0A33E1D0DFDD80030D36F /* TopicCommand.swift in Sources */ = {isa = PBXBuildFile; fileRef = 0FD0A33D1D0DFDD80030D36F /* TopicCommand.swift */; };
		0FD0A3401D0DFE980030D36F /* TopicResponse.swift in Sources */ = {isa = PBXBuildFile; fileRef = 0FD0A33F1D0DFE980030D36F /* TopicResponse.swift */; };
		0FE527211CFB654300407AAE /* LoginCommand.swift in Sources */ = {isa = PBXBuildFile; fileRef = 0FE5271D1CFB654300407AAE /* LoginCommand.swift */; };
		0FE527221CFB654300407AAE /* LoginResponse.swift in Sources */ = {isa = PBXBuildFile; fileRef = 0FE5271E1CFB654300407AAE /* LoginResponse.swift */; };
		0FE527231CFB654300407AAE /* NetworkAdapter.swift in Sources */ = {isa = PBXBuildFile; fileRef = 0FE5271F1CFB654300407AAE /* NetworkAdapter.swift */; };
		0FE527241CFB654300407AAE /* Person.swift in Sources */ = {isa = PBXBuildFile; fileRef = 0FE527201CFB654300407AAE /* Person.swift */; };
		0FE5272D1CFB65EB00407AAE /* Decoder.swift in Sources */ = {isa = PBXBuildFile; fileRef = 0FE527261CFB65EB00407AAE /* Decoder.swift */; };
		0FE5272E1CFB65EB00407AAE /* Encoder.swift in Sources */ = {isa = PBXBuildFile; fileRef = 0FE527271CFB65EB00407AAE /* Encoder.swift */; };
		0FE5272F1CFB65EB00407AAE /* ExtensionArray.swift in Sources */ = {isa = PBXBuildFile; fileRef = 0FE527281CFB65EB00407AAE /* ExtensionArray.swift */; };
		0FE527301CFB65EB00407AAE /* ExtensionDictionary.swift in Sources */ = {isa = PBXBuildFile; fileRef = 0FE527291CFB65EB00407AAE /* ExtensionDictionary.swift */; };
		0FE527311CFB65EB00407AAE /* Gloss.swift in Sources */ = {isa = PBXBuildFile; fileRef = 0FE5272B1CFB65EB00407AAE /* Gloss.swift */; };
		0FE527321CFB65EB00407AAE /* Operators.swift in Sources */ = {isa = PBXBuildFile; fileRef = 0FE5272C1CFB65EB00407AAE /* Operators.swift */; };
		0FE5273A1CFC9FB800407AAE /* Command.swift in Sources */ = {isa = PBXBuildFile; fileRef = 0FE527391CFC9FB800407AAE /* Command.swift */; };
		0FE5273C1CFCA27E00407AAE /* Network.swift in Sources */ = {isa = PBXBuildFile; fileRef = 0FE5273B1CFCA27E00407AAE /* Network.swift */; };
		0FE5273E1CFD058700407AAE /* PostResponse.swift in Sources */ = {isa = PBXBuildFile; fileRef = 0FE5273D1CFD058700407AAE /* PostResponse.swift */; };
		0FE527401CFD05AE00407AAE /* PostCommand.swift in Sources */ = {isa = PBXBuildFile; fileRef = 0FE5273F1CFD05AE00407AAE /* PostCommand.swift */; };
		0FE527421CFD096300407AAE /* UIViewController+Alerts.swift in Sources */ = {isa = PBXBuildFile; fileRef = 0FE527411CFD096300407AAE /* UIViewController+Alerts.swift */; };
		0FE527441CFD0E1E00407AAE /* Post.swift in Sources */ = {isa = PBXBuildFile; fileRef = 0FE527431CFD0E1E00407AAE /* Post.swift */; };
/* End PBXBuildFile section */

/* Begin PBXFileReference section */
		0F76A8791CFA165D00BDD499 /* LoginViewController.swift */ = {isa = PBXFileReference; fileEncoding = 4; lastKnownFileType = sourcecode.swift; path = LoginViewController.swift; sourceTree = "<group>"; };
		0F76A87B1CFA16C300BDD499 /* ForumViewController.swift */ = {isa = PBXFileReference; fileEncoding = 4; lastKnownFileType = sourcecode.swift; path = ForumViewController.swift; sourceTree = "<group>"; };
		0F76A87D1CFA1C9400BDD499 /* ProfileViewController.swift */ = {isa = PBXFileReference; fileEncoding = 4; lastKnownFileType = sourcecode.swift; path = ProfileViewController.swift; sourceTree = "<group>"; };
		0F9E08FD1D14BB62006676C1 /* ConverstionSplitViewController.swift */ = {isa = PBXFileReference; fileEncoding = 4; lastKnownFileType = sourcecode.swift; path = ConverstionSplitViewController.swift; sourceTree = "<group>"; };
		0F9E09011D15A83E006676C1 /* PostDetailViewController.swift */ = {isa = PBXFileReference; fileEncoding = 4; lastKnownFileType = sourcecode.swift; path = PostDetailViewController.swift; sourceTree = "<group>"; };
		0F9E09031D15D5D4006676C1 /* PostInHeaderCollectionReusableView.swift */ = {isa = PBXFileReference; fileEncoding = 4; lastKnownFileType = sourcecode.swift; path = PostInHeaderCollectionReusableView.swift; sourceTree = "<group>"; };
		0F9E09041D15D5D4006676C1 /* PostInHeaderCollectionReusableView.xib */ = {isa = PBXFileReference; fileEncoding = 4; lastKnownFileType = file.xib; path = PostInHeaderCollectionReusableView.xib; sourceTree = "<group>"; };
		0FB2F4931CFF9C77008F386A /* NSDate+Gloss.swift */ = {isa = PBXFileReference; fileEncoding = 4; lastKnownFileType = sourcecode.swift; path = "NSDate+Gloss.swift"; sourceTree = "<group>"; };
		0FB2F4951CFFA0E5008F386A /* Entry.swift */ = {isa = PBXFileReference; fileEncoding = 4; lastKnownFileType = sourcecode.swift; path = Entry.swift; sourceTree = "<group>"; };
		0FB2F4971CFFA8FC008F386A /* Image.swift */ = {isa = PBXFileReference; fileEncoding = 4; lastKnownFileType = sourcecode.swift; path = Image.swift; sourceTree = "<group>"; };
		0FB2F4A21D033C24008F386A /* FlatCollectionViewCell.swift */ = {isa = PBXFileReference; fileEncoding = 4; lastKnownFileType = sourcecode.swift; path = FlatCollectionViewCell.swift; sourceTree = "<group>"; };
		0FB2F4A31D033C24008F386A /* FlatCollectionViewCell.xib */ = {isa = PBXFileReference; fileEncoding = 4; lastKnownFileType = file.xib; path = FlatCollectionViewCell.xib; sourceTree = "<group>"; };
		0FB2F4A61D035B4A008F386A /* Utilities.swift */ = {isa = PBXFileReference; fileEncoding = 4; lastKnownFileType = sourcecode.swift; path = Utilities.swift; sourceTree = "<group>"; };
		0FB2F4A81D035E34008F386A /* UIImageView+WebLoad.swift */ = {isa = PBXFileReference; fileEncoding = 4; lastKnownFileType = sourcecode.swift; path = "UIImageView+WebLoad.swift"; sourceTree = "<group>"; };
		0FB2F4AA1D037008008F386A /* UIView+Utillities.swift */ = {isa = PBXFileReference; fileEncoding = 4; lastKnownFileType = sourcecode.swift; path = "UIView+Utillities.swift"; sourceTree = "<group>"; };
		0FCF01801CFA10E200924868 /* MobileTTDC.app */ = {isa = PBXFileReference; explicitFileType = wrapper.application; includeInIndex = 0; path = MobileTTDC.app; sourceTree = BUILT_PRODUCTS_DIR; };
		0FCF01831CFA10E200924868 /* AppDelegate.swift */ = {isa = PBXFileReference; lastKnownFileType = sourcecode.swift; path = AppDelegate.swift; sourceTree = "<group>"; };
		0FCF018A1CFA10E200924868 /* Base */ = {isa = PBXFileReference; lastKnownFileType = file.storyboard; name = Base; path = Base.lproj/Main.storyboard; sourceTree = "<group>"; };
		0FCF018C1CFA10E200924868 /* Assets.xcassets */ = {isa = PBXFileReference; lastKnownFileType = folder.assetcatalog; path = Assets.xcassets; sourceTree = "<group>"; };
		0FCF018F1CFA10E200924868 /* Base */ = {isa = PBXFileReference; lastKnownFileType = file.storyboard; name = Base; path = Base.lproj/LaunchScreen.storyboard; sourceTree = "<group>"; };
		0FCF01911CFA10E200924868 /* Info.plist */ = {isa = PBXFileReference; lastKnownFileType = text.plist.xml; path = Info.plist; sourceTree = "<group>"; };
		0FD0A3211D0CA2530030D36F /* ConversationsViewController.swift */ = {isa = PBXFileReference; fileEncoding = 4; lastKnownFileType = sourcecode.swift; path = ConversationsViewController.swift; sourceTree = "<group>"; };
		0FD0A3271D0CAA140030D36F /* ConversationCollectionViewCell.swift */ = {isa = PBXFileReference; fileEncoding = 4; lastKnownFileType = sourcecode.swift; path = ConversationCollectionViewCell.swift; sourceTree = "<group>"; };
		0FD0A3281D0CAA140030D36F /* ConversationCollectionViewCell.xib */ = {isa = PBXFileReference; fileEncoding = 4; lastKnownFileType = file.xib; path = ConversationCollectionViewCell.xib; sourceTree = "<group>"; };
		0FD0A32B1D0CAD0E0030D36F /* SearchCommand.swift */ = {isa = PBXFileReference; fileEncoding = 4; lastKnownFileType = sourcecode.swift; path = SearchCommand.swift; sourceTree = "<group>"; };
		0FD0A32D1D0CB0050030D36F /* SearchResponse.swift */ = {isa = PBXFileReference; fileEncoding = 4; lastKnownFileType = sourcecode.swift; path = SearchResponse.swift; sourceTree = "<group>"; };
		0FD0A3371D0DF0160030D36F /* ReplyCollectionViewCell.swift */ = {isa = PBXFileReference; fileEncoding = 4; lastKnownFileType = sourcecode.swift; path = ReplyCollectionViewCell.swift; sourceTree = "<group>"; };
		0FD0A3381D0DF0160030D36F /* ReplyCollectionViewCell.xib */ = {isa = PBXFileReference; fileEncoding = 4; lastKnownFileType = file.xib; path = ReplyCollectionViewCell.xib; sourceTree = "<group>"; };
		0FD0A33B1D0DF4140030D36F /* ReuseIdentifiers.swift */ = {isa = PBXFileReference; fileEncoding = 4; lastKnownFileType = sourcecode.swift; path = ReuseIdentifiers.swift; sourceTree = "<group>"; };
		0FD0A33D1D0DFDD80030D36F /* TopicCommand.swift */ = {isa = PBXFileReference; fileEncoding = 4; lastKnownFileType = sourcecode.swift; path = TopicCommand.swift; sourceTree = "<group>"; };
		0FD0A33F1D0DFE980030D36F /* TopicResponse.swift */ = {isa = PBXFileReference; fileEncoding = 4; lastKnownFileType = sourcecode.swift; path = TopicResponse.swift; sourceTree = "<group>"; };
		0FE5271D1CFB654300407AAE /* LoginCommand.swift */ = {isa = PBXFileReference; fileEncoding = 4; lastKnownFileType = sourcecode.swift; path = LoginCommand.swift; sourceTree = "<group>"; };
		0FE5271E1CFB654300407AAE /* LoginResponse.swift */ = {isa = PBXFileReference; fileEncoding = 4; lastKnownFileType = sourcecode.swift; path = LoginResponse.swift; sourceTree = "<group>"; };
		0FE5271F1CFB654300407AAE /* NetworkAdapter.swift */ = {isa = PBXFileReference; fileEncoding = 4; lastKnownFileType = sourcecode.swift; path = NetworkAdapter.swift; sourceTree = "<group>"; };
		0FE527201CFB654300407AAE /* Person.swift */ = {isa = PBXFileReference; fileEncoding = 4; lastKnownFileType = sourcecode.swift; path = Person.swift; sourceTree = "<group>"; };
		0FE527261CFB65EB00407AAE /* Decoder.swift */ = {isa = PBXFileReference; fileEncoding = 4; lastKnownFileType = sourcecode.swift; path = Decoder.swift; sourceTree = "<group>"; };
		0FE527271CFB65EB00407AAE /* Encoder.swift */ = {isa = PBXFileReference; fileEncoding = 4; lastKnownFileType = sourcecode.swift; path = Encoder.swift; sourceTree = "<group>"; };
		0FE527281CFB65EB00407AAE /* ExtensionArray.swift */ = {isa = PBXFileReference; fileEncoding = 4; lastKnownFileType = sourcecode.swift; path = ExtensionArray.swift; sourceTree = "<group>"; };
		0FE527291CFB65EB00407AAE /* ExtensionDictionary.swift */ = {isa = PBXFileReference; fileEncoding = 4; lastKnownFileType = sourcecode.swift; path = ExtensionDictionary.swift; sourceTree = "<group>"; };
		0FE5272A1CFB65EB00407AAE /* Gloss.h */ = {isa = PBXFileReference; fileEncoding = 4; lastKnownFileType = sourcecode.c.h; path = Gloss.h; sourceTree = "<group>"; };
		0FE5272B1CFB65EB00407AAE /* Gloss.swift */ = {isa = PBXFileReference; fileEncoding = 4; lastKnownFileType = sourcecode.swift; path = Gloss.swift; sourceTree = "<group>"; };
		0FE5272C1CFB65EB00407AAE /* Operators.swift */ = {isa = PBXFileReference; fileEncoding = 4; lastKnownFileType = sourcecode.swift; path = Operators.swift; sourceTree = "<group>"; };
		0FE527391CFC9FB800407AAE /* Command.swift */ = {isa = PBXFileReference; fileEncoding = 4; lastKnownFileType = sourcecode.swift; path = Command.swift; sourceTree = "<group>"; };
		0FE5273B1CFCA27E00407AAE /* Network.swift */ = {isa = PBXFileReference; fileEncoding = 4; lastKnownFileType = sourcecode.swift; path = Network.swift; sourceTree = "<group>"; };
		0FE5273D1CFD058700407AAE /* PostResponse.swift */ = {isa = PBXFileReference; fileEncoding = 4; lastKnownFileType = sourcecode.swift; path = PostResponse.swift; sourceTree = "<group>"; };
		0FE5273F1CFD05AE00407AAE /* PostCommand.swift */ = {isa = PBXFileReference; fileEncoding = 4; lastKnownFileType = sourcecode.swift; path = PostCommand.swift; sourceTree = "<group>"; };
		0FE527411CFD096300407AAE /* UIViewController+Alerts.swift */ = {isa = PBXFileReference; fileEncoding = 4; lastKnownFileType = sourcecode.swift; path = "UIViewController+Alerts.swift"; sourceTree = "<group>"; };
		0FE527431CFD0E1E00407AAE /* Post.swift */ = {isa = PBXFileReference; fileEncoding = 4; lastKnownFileType = sourcecode.swift; path = Post.swift; sourceTree = "<group>"; };
/* End PBXFileReference section */

/* Begin PBXFrameworksBuildPhase section */
		0FCF017D1CFA10E200924868 /* Frameworks */ = {
			isa = PBXFrameworksBuildPhase;
			buildActionMask = 2147483647;
			files = (
			);
			runOnlyForDeploymentPostprocessing = 0;
		};
/* End PBXFrameworksBuildPhase section */

/* Begin PBXGroup section */
		0F9E08F91D145DCF006676C1 /* Extensions */ = {
			isa = PBXGroup;
			children = (
				0FB2F4931CFF9C77008F386A /* NSDate+Gloss.swift */,
				0FE527411CFD096300407AAE /* UIViewController+Alerts.swift */,
				0FB2F4A81D035E34008F386A /* UIImageView+WebLoad.swift */,
				0FB2F4AA1D037008008F386A /* UIView+Utillities.swift */,
			);
			name = Extensions;
			sourceTree = "<group>";
		};
		0F9E08FA1D145E43006676C1 /* Core */ = {
			isa = PBXGroup;
			children = (
				0FCF01831CFA10E200924868 /* AppDelegate.swift */,
				0FCF018C1CFA10E200924868 /* Assets.xcassets */,
				0FCF01911CFA10E200924868 /* Info.plist */,
				0FB2F4A61D035B4A008F386A /* Utilities.swift */,
			);
			name = Core;
			sourceTree = "<group>";
		};
		0FB2F4991CFFAA8D008F386A /* Models */ = {
			isa = PBXGroup;
			children = (
				0FE527201CFB654300407AAE /* Person.swift */,
				0FE527431CFD0E1E00407AAE /* Post.swift */,
				0FB2F4951CFFA0E5008F386A /* Entry.swift */,
				0FB2F4971CFFA8FC008F386A /* Image.swift */,
			);
			name = Models;
			sourceTree = "<group>";
		};
		0FCF01771CFA10E100924868 = {
			isa = PBXGroup;
			children = (
				0FCF01821CFA10E200924868 /* MobileTTDC */,
				0FCF01811CFA10E200924868 /* Products */,
			);
			sourceTree = "<group>";
		};
		0FCF01811CFA10E200924868 /* Products */ = {
			isa = PBXGroup;
			children = (
				0FCF01801CFA10E200924868 /* MobileTTDC.app */,
			);
			name = Products;
			sourceTree = "<group>";
		};
		0FCF01821CFA10E200924868 /* MobileTTDC */ = {
			isa = PBXGroup;
			children = (
				0FB2F4991CFFAA8D008F386A /* Models */,
				0FE527341CFB65FA00407AAE /* Libraries */,
				0FE527251CFB656200407AAE /* Network */,
				0F9E08F91D145DCF006676C1 /* Extensions */,
				0F9E08FA1D145E43006676C1 /* Core */,
				0FCF01891CFA10E200924868 /* Main.storyboard */,
				0F9E08FD1D14BB62006676C1 /* ConverstionSplitViewController.swift */,
				0FD0A3211D0CA2530030D36F /* ConversationsViewController.swift */,
				0F76A8791CFA165D00BDD499 /* LoginViewController.swift */,
				0FCF018E1CFA10E200924868 /* LaunchScreen.storyboard */,
				0F76A87B1CFA16C300BDD499 /* ForumViewController.swift */,
				0F76A87D1CFA1C9400BDD499 /* ProfileViewController.swift */,
				0FD0A3371D0DF0160030D36F /* ReplyCollectionViewCell.swift */,
				0FD0A3381D0DF0160030D36F /* ReplyCollectionViewCell.xib */,
				0F9E09031D15D5D4006676C1 /* PostInHeaderCollectionReusableView.swift */,
				0F9E09041D15D5D4006676C1 /* PostInHeaderCollectionReusableView.xib */,
				0FB2F4A21D033C24008F386A /* FlatCollectionViewCell.swift */,
				0FB2F4A31D033C24008F386A /* FlatCollectionViewCell.xib */,
				0FD0A3271D0CAA140030D36F /* ConversationCollectionViewCell.swift */,
				0FD0A3281D0CAA140030D36F /* ConversationCollectionViewCell.xib */,
				0FD0A33B1D0DF4140030D36F /* ReuseIdentifiers.swift */,
				0F9E09011D15A83E006676C1 /* PostDetailViewController.swift */,
			);
			path = MobileTTDC;
			sourceTree = "<group>";
		};
		0FE527251CFB656200407AAE /* Network */ = {
			isa = PBXGroup;
			children = (
				0FE5271D1CFB654300407AAE /* LoginCommand.swift */,
				0FE5271E1CFB654300407AAE /* LoginResponse.swift */,
				0FE5271F1CFB654300407AAE /* NetworkAdapter.swift */,
				0FE527391CFC9FB800407AAE /* Command.swift */,
				0FE5273B1CFCA27E00407AAE /* Network.swift */,
				0FE5273D1CFD058700407AAE /* PostResponse.swift */,
				0FE5273F1CFD05AE00407AAE /* PostCommand.swift */,
				0FD0A32B1D0CAD0E0030D36F /* SearchCommand.swift */,
				0FD0A32D1D0CB0050030D36F /* SearchResponse.swift */,
				0FD0A33D1D0DFDD80030D36F /* TopicCommand.swift */,
				0FD0A33F1D0DFE980030D36F /* TopicResponse.swift */,
			);
			name = Network;
			sourceTree = "<group>";
		};
		0FE527331CFB65F100407AAE /* Gloss */ = {
			isa = PBXGroup;
			children = (
				0FE527261CFB65EB00407AAE /* Decoder.swift */,
				0FE527271CFB65EB00407AAE /* Encoder.swift */,
				0FE527281CFB65EB00407AAE /* ExtensionArray.swift */,
				0FE527291CFB65EB00407AAE /* ExtensionDictionary.swift */,
				0FE5272A1CFB65EB00407AAE /* Gloss.h */,
				0FE5272B1CFB65EB00407AAE /* Gloss.swift */,
				0FE5272C1CFB65EB00407AAE /* Operators.swift */,
			);
			name = Gloss;
			sourceTree = "<group>";
		};
		0FE527341CFB65FA00407AAE /* Libraries */ = {
			isa = PBXGroup;
			children = (
				0FE527331CFB65F100407AAE /* Gloss */,
			);
			name = Libraries;
			sourceTree = "<group>";
		};
/* End PBXGroup section */

/* Begin PBXNativeTarget section */
		0FCF017F1CFA10E200924868 /* MobileTTDC */ = {
			isa = PBXNativeTarget;
			buildConfigurationList = 0FCF01941CFA10E200924868 /* Build configuration list for PBXNativeTarget "MobileTTDC" */;
			buildPhases = (
				0FCF017C1CFA10E200924868 /* Sources */,
				0FCF017D1CFA10E200924868 /* Frameworks */,
				0FCF017E1CFA10E200924868 /* Resources */,
			);
			buildRules = (
			);
			dependencies = (
			);
			name = MobileTTDC;
			productName = MobileTTDC;
			productReference = 0FCF01801CFA10E200924868 /* MobileTTDC.app */;
			productType = "com.apple.product-type.application";
		};
/* End PBXNativeTarget section */

/* Begin PBXProject section */
		0FCF01781CFA10E100924868 /* Project object */ = {
			isa = PBXProject;
			attributes = {
				LastSwiftUpdateCheck = 0730;
				LastUpgradeCheck = 0730;
				ORGANIZATIONNAME = "Trevis Thomas";
				TargetAttributes = {
					0FCF017F1CFA10E200924868 = {
						CreatedOnToolsVersion = 7.3.1;
						DevelopmentTeam = KRNJ229R7J;
					};
				};
			};
			buildConfigurationList = 0FCF017B1CFA10E100924868 /* Build configuration list for PBXProject "MobileTTDC" */;
			compatibilityVersion = "Xcode 3.2";
			developmentRegion = English;
			hasScannedForEncodings = 0;
			knownRegions = (
				en,
				Base,
			);
			mainGroup = 0FCF01771CFA10E100924868;
			productRefGroup = 0FCF01811CFA10E200924868 /* Products */;
			projectDirPath = "";
			projectRoot = "";
			targets = (
				0FCF017F1CFA10E200924868 /* MobileTTDC */,
			);
		};
/* End PBXProject section */

/* Begin PBXResourcesBuildPhase section */
		0FCF017E1CFA10E200924868 /* Resources */ = {
			isa = PBXResourcesBuildPhase;
			buildActionMask = 2147483647;
			files = (
				0FCF01901CFA10E200924868 /* LaunchScreen.storyboard in Resources */,
				0F9E09061D15D5D4006676C1 /* PostInHeaderCollectionReusableView.xib in Resources */,
				0FD0A33A1D0DF0160030D36F /* ReplyCollectionViewCell.xib in Resources */,
				0FB2F4A51D033C24008F386A /* FlatCollectionViewCell.xib in Resources */,
				0FCF018D1CFA10E200924868 /* Assets.xcassets in Resources */,
				0FCF018B1CFA10E200924868 /* Main.storyboard in Resources */,
				0FD0A32A1D0CAA140030D36F /* ConversationCollectionViewCell.xib in Resources */,
			);
			runOnlyForDeploymentPostprocessing = 0;
		};
/* End PBXResourcesBuildPhase section */

/* Begin PBXSourcesBuildPhase section */
		0FCF017C1CFA10E200924868 /* Sources */ = {
			isa = PBXSourcesBuildPhase;
			buildActionMask = 2147483647;
			files = (
				0FE5273A1CFC9FB800407AAE /* Command.swift in Sources */,
				0FB2F4981CFFA8FC008F386A /* Image.swift in Sources */,
				0FCF01841CFA10E200924868 /* AppDelegate.swift in Sources */,
				0FE527211CFB654300407AAE /* LoginCommand.swift in Sources */,
				0FB2F4A71D035B4A008F386A /* Utilities.swift in Sources */,
				0FE527421CFD096300407AAE /* UIViewController+Alerts.swift in Sources */,
				0FE527231CFB654300407AAE /* NetworkAdapter.swift in Sources */,
				0F76A87C1CFA16C300BDD499 /* ForumViewController.swift in Sources */,
				0F76A87E1CFA1C9400BDD499 /* ProfileViewController.swift in Sources */,
				0F9E09051D15D5D4006676C1 /* PostInHeaderCollectionReusableView.swift in Sources */,
				0FE527301CFB65EB00407AAE /* ExtensionDictionary.swift in Sources */,
				0FD0A33E1D0DFDD80030D36F /* TopicCommand.swift in Sources */,
				0F76A87A1CFA165D00BDD499 /* LoginViewController.swift in Sources */,
				0FB2F4941CFF9C77008F386A /* NSDate+Gloss.swift in Sources */,
				0F9E08FE1D14BB62006676C1 /* ConverstionSplitViewController.swift in Sources */,
				0FD0A3391D0DF0160030D36F /* ReplyCollectionViewCell.swift in Sources */,
				0F9E09021D15A83E006676C1 /* PostDetailViewController.swift in Sources */,
				0FD0A3221D0CA2530030D36F /* ConversationsViewController.swift in Sources */,
				0FE527241CFB654300407AAE /* Person.swift in Sources */,
				0FD0A3291D0CAA140030D36F /* ConversationCollectionViewCell.swift in Sources */,
				0FE527311CFB65EB00407AAE /* Gloss.swift in Sources */,
				0FD0A3401D0DFE980030D36F /* TopicResponse.swift in Sources */,
				0FE5273C1CFCA27E00407AAE /* Network.swift in Sources */,
				0FB2F4A41D033C24008F386A /* FlatCollectionViewCell.swift in Sources */,
				0FE527441CFD0E1E00407AAE /* Post.swift in Sources */,
				0FD0A32E1D0CB0050030D36F /* SearchResponse.swift in Sources */,
				0FB2F4A91D035E34008F386A /* UIImageView+WebLoad.swift in Sources */,
				0FE5272D1CFB65EB00407AAE /* Decoder.swift in Sources */,
				0FB2F4961CFFA0E5008F386A /* Entry.swift in Sources */,
				0FE527321CFB65EB00407AAE /* Operators.swift in Sources */,
				0FE5272E1CFB65EB00407AAE /* Encoder.swift in Sources */,
				0FE5273E1CFD058700407AAE /* PostResponse.swift in Sources */,
				0FE527221CFB654300407AAE /* LoginResponse.swift in Sources */,
				0FE5272F1CFB65EB00407AAE /* ExtensionArray.swift in Sources */,
				0FD0A33C1D0DF4140030D36F /* ReuseIdentifiers.swift in Sources */,
				0FB2F4AB1D037008008F386A /* UIView+Utillities.swift in Sources */,
				0FE527401CFD05AE00407AAE /* PostCommand.swift in Sources */,
				0FD0A32C1D0CAD0E0030D36F /* SearchCommand.swift in Sources */,
			);
			runOnlyForDeploymentPostprocessing = 0;
		};
/* End PBXSourcesBuildPhase section */

/* Begin PBXVariantGroup section */
		0FCF01891CFA10E200924868 /* Main.storyboard */ = {
			isa = PBXVariantGroup;
			children = (
				0FCF018A1CFA10E200924868 /* Base */,
			);
			name = Main.storyboard;
			sourceTree = "<group>";
		};
		0FCF018E1CFA10E200924868 /* LaunchScreen.storyboard */ = {
			isa = PBXVariantGroup;
			children = (
				0FCF018F1CFA10E200924868 /* Base */,
			);
			name = LaunchScreen.storyboard;
			sourceTree = "<group>";
		};
/* End PBXVariantGroup section */

/* Begin XCBuildConfiguration section */
		0FCF01921CFA10E200924868 /* Debug */ = {
			isa = XCBuildConfiguration;
			buildSettings = {
				ALWAYS_SEARCH_USER_PATHS = NO;
				CLANG_ANALYZER_NONNULL = YES;
				CLANG_CXX_LANGUAGE_STANDARD = "gnu++0x";
				CLANG_CXX_LIBRARY = "libc++";
				CLANG_ENABLE_MODULES = YES;
				CLANG_ENABLE_OBJC_ARC = YES;
				CLANG_WARN_BOOL_CONVERSION = YES;
				CLANG_WARN_CONSTANT_CONVERSION = YES;
				CLANG_WARN_DIRECT_OBJC_ISA_USAGE = YES_ERROR;
				CLANG_WARN_EMPTY_BODY = YES;
				CLANG_WARN_ENUM_CONVERSION = YES;
				CLANG_WARN_INT_CONVERSION = YES;
				CLANG_WARN_OBJC_ROOT_CLASS = YES_ERROR;
				CLANG_WARN_UNREACHABLE_CODE = YES;
				CLANG_WARN__DUPLICATE_METHOD_MATCH = YES;
				"CODE_SIGN_IDENTITY[sdk=iphoneos*]" = "iPhone Developer";
				COPY_PHASE_STRIP = NO;
				DEBUG_INFORMATION_FORMAT = dwarf;
				ENABLE_STRICT_OBJC_MSGSEND = YES;
				ENABLE_TESTABILITY = YES;
				GCC_C_LANGUAGE_STANDARD = gnu99;
				GCC_DYNAMIC_NO_PIC = NO;
				GCC_NO_COMMON_BLOCKS = YES;
				GCC_OPTIMIZATION_LEVEL = 0;
				GCC_PREPROCESSOR_DEFINITIONS = (
					"DEBUG=1",
					"$(inherited)",
				);
				GCC_WARN_64_TO_32_BIT_CONVERSION = YES;
				GCC_WARN_ABOUT_RETURN_TYPE = YES_ERROR;
				GCC_WARN_UNDECLARED_SELECTOR = YES;
				GCC_WARN_UNINITIALIZED_AUTOS = YES_AGGRESSIVE;
				GCC_WARN_UNUSED_FUNCTION = YES;
				GCC_WARN_UNUSED_VARIABLE = YES;
				IPHONEOS_DEPLOYMENT_TARGET = 9.3;
				MTL_ENABLE_DEBUG_INFO = YES;
				ONLY_ACTIVE_ARCH = YES;
				SDKROOT = iphoneos;
				SWIFT_OPTIMIZATION_LEVEL = "-Onone";
				TARGETED_DEVICE_FAMILY = "1,2";
			};
			name = Debug;
		};
		0FCF01931CFA10E200924868 /* Release */ = {
			isa = XCBuildConfiguration;
			buildSettings = {
				ALWAYS_SEARCH_USER_PATHS = NO;
				CLANG_ANALYZER_NONNULL = YES;
				CLANG_CXX_LANGUAGE_STANDARD = "gnu++0x";
				CLANG_CXX_LIBRARY = "libc++";
				CLANG_ENABLE_MODULES = YES;
				CLANG_ENABLE_OBJC_ARC = YES;
				CLANG_WARN_BOOL_CONVERSION = YES;
				CLANG_WARN_CONSTANT_CONVERSION = YES;
				CLANG_WARN_DIRECT_OBJC_ISA_USAGE = YES_ERROR;
				CLANG_WARN_EMPTY_BODY = YES;
				CLANG_WARN_ENUM_CONVERSION = YES;
				CLANG_WARN_INT_CONVERSION = YES;
				CLANG_WARN_OBJC_ROOT_CLASS = YES_ERROR;
				CLANG_WARN_UNREACHABLE_CODE = YES;
				CLANG_WARN__DUPLICATE_METHOD_MATCH = YES;
				"CODE_SIGN_IDENTITY[sdk=iphoneos*]" = "iPhone Developer";
				COPY_PHASE_STRIP = NO;
				DEBUG_INFORMATION_FORMAT = "dwarf-with-dsym";
				ENABLE_NS_ASSERTIONS = NO;
				ENABLE_STRICT_OBJC_MSGSEND = YES;
				GCC_C_LANGUAGE_STANDARD = gnu99;
				GCC_NO_COMMON_BLOCKS = YES;
				GCC_WARN_64_TO_32_BIT_CONVERSION = YES;
				GCC_WARN_ABOUT_RETURN_TYPE = YES_ERROR;
				GCC_WARN_UNDECLARED_SELECTOR = YES;
				GCC_WARN_UNINITIALIZED_AUTOS = YES_AGGRESSIVE;
				GCC_WARN_UNUSED_FUNCTION = YES;
				GCC_WARN_UNUSED_VARIABLE = YES;
				IPHONEOS_DEPLOYMENT_TARGET = 9.3;
				MTL_ENABLE_DEBUG_INFO = NO;
				SDKROOT = iphoneos;
				TARGETED_DEVICE_FAMILY = "1,2";
				VALIDATE_PRODUCT = YES;
			};
			name = Release;
		};
		0FCF01951CFA10E200924868 /* Debug */ = {
			isa = XCBuildConfiguration;
			buildSettings = {
				ASSETCATALOG_COMPILER_APPICON_NAME = AppIcon;
				CODE_SIGN_IDENTITY = "iPhone Developer";
				"CODE_SIGN_IDENTITY[sdk=iphoneos*]" = "iPhone Developer";
				INFOPLIST_FILE = MobileTTDC/Info.plist;
				LD_RUNPATH_SEARCH_PATHS = "$(inherited) @executable_path/Frameworks";
				PRODUCT_BUNDLE_IDENTIFIER = org.ttdc.MobileTTDC;
				PRODUCT_NAME = "$(TARGET_NAME)";
				PROVISIONING_PROFILE = "";
			};
			name = Debug;
		};
		0FCF01961CFA10E200924868 /* Release */ = {
			isa = XCBuildConfiguration;
			buildSettings = {
				ASSETCATALOG_COMPILER_APPICON_NAME = AppIcon;
				CODE_SIGN_IDENTITY = "iPhone Developer";
				"CODE_SIGN_IDENTITY[sdk=iphoneos*]" = "iPhone Developer";
				INFOPLIST_FILE = MobileTTDC/Info.plist;
				LD_RUNPATH_SEARCH_PATHS = "$(inherited) @executable_path/Frameworks";
				PRODUCT_BUNDLE_IDENTIFIER = org.ttdc.MobileTTDC;
				PRODUCT_NAME = "$(TARGET_NAME)";
				PROVISIONING_PROFILE = "";
			};
			name = Release;
		};
/* End XCBuildConfiguration section */

/* Begin XCConfigurationList section */
		0FCF017B1CFA10E100924868 /* Build configuration list for PBXProject "MobileTTDC" */ = {
			isa = XCConfigurationList;
			buildConfigurations = (
				0FCF01921CFA10E200924868 /* Debug */,
				0FCF01931CFA10E200924868 /* Release */,
			);
			defaultConfigurationIsVisible = 0;
			defaultConfigurationName = Release;
		};
		0FCF01941CFA10E200924868 /* Build configuration list for PBXNativeTarget "MobileTTDC" */ = {
			isa = XCConfigurationList;
			buildConfigurations = (
				0FCF01951CFA10E200924868 /* Debug */,
				0FCF01961CFA10E200924868 /* Release */,
			);
			defaultConfigurationIsVisible = 0;
			defaultConfigurationName = Release;
		};
/* End XCConfigurationList section */
	};
	rootObject = 0FCF01781CFA10E100924868 /* Project object */;
}
